<?xml version="1.0" encoding="utf-8"?>
<Project ToolsVersion="4.0" xmlns="http://schemas.microsoft.com/developer/msbuild/2003">
  <ItemGroup>
    <Filter Include="Header Files">
      <UniqueIdentifier>{fc150dd2-f0c9-43f7-8a38-3d7cff43219c}</UniqueIdentifier>
    </Filter>
    <Filter Include="Header Files\Controls">
      <UniqueIdentifier>{b11383b6-fe43-4fce-a2a2-fb14dcdd2d91}</UniqueIdentifier>
    </Filter>
    <Filter Include="Header Files\Drawing">
      <UniqueIdentifier>{9d4b9fad-9b73-42d4-bb97-2103eb6430d8}</UniqueIdentifier>
    </Filter>
    <Filter Include="Header Files\Misc">
      <UniqueIdentifier>{d5c0b0ed-983e-4e69-986b-9f002f119fb3}</UniqueIdentifier>
    </Filter>
    <Filter Include="Header Files\Input">
      <UniqueIdentifier>{b3bb3cbd-972a-468c-8930-5c61ba8a10f4}</UniqueIdentifier>
    </Filter>
    <Filter Include="Header Files\Event">
      <UniqueIdentifier>{38b659e2-96c4-4fbf-aa5c-6a9b04e2e2b2}</UniqueIdentifier>
    </Filter>
    <Filter Include="Header Files\Cursor">
      <UniqueIdentifier>{84bdbd42-e0ec-4897-a62e-c20565eafc9f}</UniqueIdentifier>
    </Filter>
    <Filter Include="Source Files">
      <UniqueIdentifier>{3b029c75-a06a-4db0-b1f6-4e618f2437e6}</UniqueIdentifier>
    </Filter>
    <Filter Include="Source Files\Controls">
      <UniqueIdentifier>{4f35fe07-95a3-4c8a-b0ba-b35b20e740ca}</UniqueIdentifier>
    </Filter>
    <Filter Include="Source Files\Cursor">
      <UniqueIdentifier>{9cb633f9-b37c-4ddf-b704-2d118733a3f5}</UniqueIdentifier>
    </Filter>
    <Filter Include="Source Files\Drawing">
      <UniqueIdentifier>{59379978-bc49-4e50-93e5-ce334fb9cca7}</UniqueIdentifier>
    </Filter>
    <Filter Include="Source Files\Event">
      <UniqueIdentifier>{aaa567be-f6df-4318-afe1-bf778d4fba94}</UniqueIdentifier>
    </Filter>
    <Filter Include="Source Files\Input">
      <UniqueIdentifier>{8fbee1bd-0692-4b8c-b59d-e6f6d497fcb0}</UniqueIdentifier>
    </Filter>
    <Filter Include="Source Files\Misc">
      <UniqueIdentifier>{7b2f0233-f70f-43c6-a660-c57763970da4}</UniqueIdentifier>
    </Filter>
    <Filter Include="Source Files\Drawing\Direct3D7">
      <UniqueIdentifier>{755b2715-d18a-4154-8049-e822d4739184}</UniqueIdentifier>
    </Filter>
    <Filter Include="Header Files\Drawing\Direct3D7">
      <UniqueIdentifier>{6d443a97-96d5-4f04-addd-104b09a774e6}</UniqueIdentifier>
    </Filter>
    <Filter Include="Header Files\Drawing\Direct3D8">
      <UniqueIdentifier>{9c8fa72e-545f-4b4c-a3b9-f2a0131c5b5d}</UniqueIdentifier>
    </Filter>
    <Filter Include="Header Files\Drawing\Direct3D9">
      <UniqueIdentifier>{0e9525e3-c0bc-4d39-939d-770518bcb7c5}</UniqueIdentifier>
    </Filter>
    <Filter Include="Header Files\Drawing\Direct3D10">
      <UniqueIdentifier>{87c01b43-cbb2-409a-963c-979533d03cef}</UniqueIdentifier>
    </Filter>
    <Filter Include="Header Files\Drawing\Direct3D11">
      <UniqueIdentifier>{2b1c1d6c-58d4-4a67-bfd5-9b36659669e6}</UniqueIdentifier>
    </Filter>
    <Filter Include="Source Files\Drawing\Direct3D8">
      <UniqueIdentifier>{23dd936d-1a88-4269-ae05-4ae6ad2ebb4b}</UniqueIdentifier>
    </Filter>
    <Filter Include="Source Files\Drawing\Direct3D9">
      <UniqueIdentifier>{e1800576-eca4-4722-94d1-e8da8721578c}</UniqueIdentifier>
    </Filter>
    <Filter Include="Source Files\Drawing\Direct3D10">
      <UniqueIdentifier>{c1bc6bc2-d228-4a88-9e51-f5573929dcf2}</UniqueIdentifier>
    </Filter>
    <Filter Include="Source Files\Drawing\Direct3D11">
      <UniqueIdentifier>{ba21e491-61c9-419a-8250-b3a5c442fbb7}</UniqueIdentifier>
    </Filter>
  </ItemGroup>
  <ItemGroup>
    <ClInclude Include="..\..\Misc\ConcurrendQueue.hpp">
      <Filter>Header Files\Misc</Filter>
    </ClInclude>
    <ClInclude Include="..\..\Misc\Intersection.hpp">
      <Filter>Header Files\Misc</Filter>
    </ClInclude>
    <ClInclude Include="..\..\Misc\ReverseIterator.hpp">
      <Filter>Header Files\Misc</Filter>
    </ClInclude>
    <ClInclude Include="..\..\Misc\Any.hpp">
      <Filter>Header Files\Misc</Filter>
    </ClInclude>
    <ClInclude Include="..\..\Misc\Exceptions.hpp">
      <Filter>Header Files\Misc</Filter>
    </ClInclude>
    <ClInclude Include="..\..\Misc\DateTime.hpp">
      <Filter>Header Files\Misc</Filter>
    </ClInclude>
    <ClInclude Include="..\..\Misc\RawDataContainer.hpp">
      <Filter>Header Files\Misc</Filter>
    </ClInclude>
    <ClInclude Include="..\..\Misc\Strings.hpp">
      <Filter>Header Files\Misc</Filter>
    </ClInclude>
    <ClInclude Include="..\..\Misc\TextHelper.hpp">
      <Filter>Header Files\Misc</Filter>
    </ClInclude>
    <ClInclude Include="..\..\Misc\TimeSpan.hpp">
      <Filter>Header Files\Misc</Filter>
    </ClInclude>
    <ClInclude Include="..\..\Application.hpp">
      <Filter>Header Files</Filter>
    </ClInclude>
    <ClInclude Include="..\..\Exports.hpp">
      <Filter>Header Files</Filter>
    </ClInclude>
    <ClInclude Include="..\..\FormManager.hpp">
      <Filter>Header Files</Filter>
    </ClInclude>
    <ClInclude Include="..\..\OSHGui.hpp">
      <Filter>Header Files</Filter>
    </ClInclude>
    <ClInclude Include="..\..\Event\Event.hpp">
      <Filter>Header Files\Event</Filter>
    </ClInclude>
    <ClInclude Include="..\..\Event\EventHandler.hpp">
      <Filter>Header Files\Event</Filter>
    </ClInclude>
    <ClInclude Include="..\..\Event\Hotkey.hpp">
      <Filter>Header Files\Event</Filter>
    </ClInclude>
    <ClInclude Include="..\..\Event\Key.hpp">
      <Filter>Header Files\Event</Filter>
    </ClInclude>
    <ClInclude Include="..\..\Event\KeyboardMessage.hpp">
      <Filter>Header Files\Event</Filter>
    </ClInclude>
    <ClInclude Include="..\..\Event\KeyEventArgs.hpp">
      <Filter>Header Files\Event</Filter>
    </ClInclude>
    <ClInclude Include="..\..\Event\KeyPressEventArgs.hpp">
      <Filter>Header Files\Event</Filter>
    </ClInclude>
    <ClInclude Include="..\..\Event\MouseButton.hpp">
      <Filter>Header Files\Event</Filter>
    </ClInclude>
    <ClInclude Include="..\..\Event\MouseEventArgs.hpp">
      <Filter>Header Files\Event</Filter>
    </ClInclude>
    <ClInclude Include="..\..\Event\MouseMessage.hpp">
      <Filter>Header Files\Event</Filter>
    </ClInclude>
    <ClInclude Include="..\..\Event\ScrollEventArgs.hpp">
      <Filter>Header Files\Event</Filter>
    </ClInclude>
    <ClInclude Include="..\..\Drawing\ImageLoader.hpp">
      <Filter>Header Files\Drawing</Filter>
    </ClInclude>
    <ClInclude Include="..\..\Drawing\Point.hpp">
      <Filter>Header Files\Drawing</Filter>
    </ClInclude>
    <ClInclude Include="..\..\Drawing\Quaternion.hpp">
      <Filter>Header Files\Drawing</Filter>
    </ClInclude>
    <ClInclude Include="..\..\Drawing\Rectangle.hpp">
      <Filter>Header Files\Drawing</Filter>
    </ClInclude>
    <ClInclude Include="..\..\Drawing\RenderContext.hpp">
      <Filter>Header Files\Drawing</Filter>
    </ClInclude>
    <ClInclude Include="..\..\Drawing\Renderer.hpp">
      <Filter>Header Files\Drawing</Filter>
    </ClInclude>
    <ClInclude Include="..\..\Drawing\RenderQueue.hpp">
      <Filter>Header Files\Drawing</Filter>
    </ClInclude>
    <ClInclude Include="..\..\Drawing\RenderSurface.hpp">
      <Filter>Header Files\Drawing</Filter>
    </ClInclude>
    <ClInclude Include="..\..\Drawing\RenderTarget.hpp">
      <Filter>Header Files\Drawing</Filter>
    </ClInclude>
    <ClInclude Include="..\..\Drawing\Size.hpp">
      <Filter>Header Files\Drawing</Filter>
    </ClInclude>
    <ClInclude Include="..\..\Drawing\Texture.hpp">
      <Filter>Header Files\Drawing</Filter>
    </ClInclude>
    <ClInclude Include="..\..\Drawing\TextureTarget.hpp">
      <Filter>Header Files\Drawing</Filter>
    </ClInclude>
    <ClInclude Include="..\..\Drawing\Vector.hpp">
      <Filter>Header Files\Drawing</Filter>
    </ClInclude>
    <ClInclude Include="..\..\Drawing\Vertex.hpp">
      <Filter>Header Files\Drawing</Filter>
    </ClInclude>
    <ClInclude Include="..\..\Drawing\Color.hpp">
      <Filter>Header Files\Drawing</Filter>
    </ClInclude>
    <ClInclude Include="..\..\Drawing\ColorRectangle.hpp">
      <Filter>Header Files\Drawing</Filter>
    </ClInclude>
    <ClInclude Include="..\..\Drawing\CustomizableImage.hpp">
      <Filter>Header Files\Drawing</Filter>
    </ClInclude>
    <ClInclude Include="..\..\Drawing\Font.hpp">
      <Filter>Header Files\Drawing</Filter>
    </ClInclude>
    <ClInclude Include="..\..\Drawing\FontGlyph.hpp">
      <Filter>Header Files\Drawing</Filter>
    </ClInclude>
    <ClInclude Include="..\..\Drawing\FontManager.hpp">
      <Filter>Header Files\Drawing</Filter>
    </ClInclude>
    <ClInclude Include="..\..\Drawing\FreeTypeFont.hpp">
      <Filter>Header Files\Drawing</Filter>
    </ClInclude>
    <ClInclude Include="..\..\Drawing\GeometryBuffer.hpp">
      <Filter>Header Files\Drawing</Filter>
    </ClInclude>
    <ClInclude Include="..\..\Drawing\Graphics.hpp">
      <Filter>Header Files\Drawing</Filter>
    </ClInclude>
    <ClInclude Include="..\..\Drawing\Image.hpp">
      <Filter>Header Files\Drawing</Filter>
    </ClInclude>
    <ClInclude Include="..\..\Drawing\ImageGraphics.hpp">
      <Filter>Header Files\Drawing</Filter>
    </ClInclude>
    <ClInclude Include="..\..\Cursor\Circle.hpp">
      <Filter>Header Files\Cursor</Filter>
    </ClInclude>
    <ClInclude Include="..\..\Cursor\Cursor.hpp">
      <Filter>Header Files\Cursor</Filter>
    </ClInclude>
    <ClInclude Include="..\..\Cursor\Cursors.hpp">
      <Filter>Header Files\Cursor</Filter>
    </ClInclude>
    <ClInclude Include="..\..\Cursor\Hand.hpp">
      <Filter>Header Files\Cursor</Filter>
    </ClInclude>
    <ClInclude Include="..\..\Cursor\IBeam.hpp">
      <Filter>Header Files\Cursor</Filter>
    </ClInclude>
    <ClInclude Include="..\..\Cursor\Pen.hpp">
      <Filter>Header Files\Cursor</Filter>
    </ClInclude>
    <ClInclude Include="..\..\Cursor\Pipette.hpp">
      <Filter>Header Files\Cursor</Filter>
    </ClInclude>
    <ClInclude Include="..\..\Cursor\Wait.hpp">
      <Filter>Header Files\Cursor</Filter>
    </ClInclude>
    <ClInclude Include="..\..\Controls\Button.hpp">
      <Filter>Header Files\Controls</Filter>
    </ClInclude>
    <ClInclude Include="..\..\Controls\CheckBox.hpp">
      <Filter>Header Files\Controls</Filter>
    </ClInclude>
    <ClInclude Include="..\..\Controls\ColorBar.hpp">
      <Filter>Header Files\Controls</Filter>
    </ClInclude>
    <ClInclude Include="..\..\Controls\ColorPicker.hpp">
      <Filter>Header Files\Controls</Filter>
    </ClInclude>
    <ClInclude Include="..\..\Controls\ComboBox.hpp">
      <Filter>Header Files\Controls</Filter>
    </ClInclude>
    <ClInclude Include="..\..\Controls\Control.hpp">
      <Filter>Header Files\Controls</Filter>
    </ClInclude>
    <ClInclude Include="..\..\Controls\Form.hpp">
      <Filter>Header Files\Controls</Filter>
    </ClInclude>
    <ClInclude Include="..\..\Controls\GroupBox.hpp">
      <Filter>Header Files\Controls</Filter>
    </ClInclude>
    <ClInclude Include="..\..\Controls\HotkeyControl.hpp">
      <Filter>Header Files\Controls</Filter>
    </ClInclude>
    <ClInclude Include="..\..\Controls\Label.hpp">
      <Filter>Header Files\Controls</Filter>
    </ClInclude>
    <ClInclude Include="..\..\Controls\ListBox.hpp">
      <Filter>Header Files\Controls</Filter>
    </ClInclude>
    <ClInclude Include="..\..\Controls\MessageBox.hpp">
      <Filter>Header Files\Controls</Filter>
    </ClInclude>
    <ClInclude Include="..\..\Controls\Panel.hpp">
      <Filter>Header Files\Controls</Filter>
    </ClInclude>
    <ClInclude Include="..\..\Controls\PictureBox.hpp">
      <Filter>Header Files\Controls</Filter>
    </ClInclude>
    <ClInclude Include="..\..\Controls\ProgressBar.hpp">
      <Filter>Header Files\Controls</Filter>
    </ClInclude>
    <ClInclude Include="..\..\Controls\ScrollBar.hpp">
      <Filter>Header Files\Controls</Filter>
    </ClInclude>
    <ClInclude Include="..\..\Controls\TabControl.hpp">
      <Filter>Header Files\Controls</Filter>
    </ClInclude>
    <ClInclude Include="..\..\Controls\TabPage.hpp">
      <Filter>Header Files\Controls</Filter>
    </ClInclude>
    <ClInclude Include="..\..\Controls\TextBox.hpp">
      <Filter>Header Files\Controls</Filter>
    </ClInclude>
    <ClInclude Include="..\..\Controls\Timer.hpp">
      <Filter>Header Files\Controls</Filter>
    </ClInclude>
    <ClInclude Include="..\..\Controls\TrackBar.hpp">
      <Filter>Header Files\Controls</Filter>
    </ClInclude>
    <ClInclude Include="..\..\Controls\LinkLabel.hpp">
      <Filter>Header Files\Controls</Filter>
    </ClInclude>
    <ClInclude Include="..\..\Controls\RadioButton.hpp">
      <Filter>Header Files\Controls</Filter>
    </ClInclude>
    <ClInclude Include="..\..\Input\Input.hpp">
      <Filter>Header Files\Input</Filter>
    </ClInclude>
    <ClInclude Include="..\..\Drawing\Style.hpp">
      <Filter>Header Files\Drawing</Filter>
    </ClInclude>
    <ClInclude Include="..\..\Input\DirectInput8.hpp">
      <Filter>Header Files\Input</Filter>
    </ClInclude>
    <ClInclude Include="..\..\Input\WindowsMessage.hpp">
      <Filter>Header Files\Input</Filter>
    </ClInclude>
    <ClInclude Include="..\..\Input\WindowsMessageThreaded.hpp">
      <Filter>Header Files\Input</Filter>
    </ClInclude>
    <ClInclude Include="..\..\Drawing\Direct3D7\Direct3D7GeometryBuffer.hpp">
      <Filter>Header Files\Drawing\Direct3D7</Filter>
    </ClInclude>
    <ClInclude Include="..\..\Drawing\Direct3D7\Direct3D7Renderer.hpp">
      <Filter>Header Files\Drawing\Direct3D7</Filter>
    </ClInclude>
    <ClInclude Include="..\..\Drawing\Direct3D7\Direct3D7RenderTarget.hpp">
      <Filter>Header Files\Drawing\Direct3D7</Filter>
    </ClInclude>
    <ClInclude Include="..\..\Drawing\Direct3D7\Direct3D7Texture.hpp">
      <Filter>Header Files\Drawing\Direct3D7</Filter>
    </ClInclude>
    <ClInclude Include="..\..\Drawing\Direct3D7\Direct3D7TextureTarget.hpp">
      <Filter>Header Files\Drawing\Direct3D7</Filter>
    </ClInclude>
    <ClInclude Include="..\..\Drawing\Direct3D7\Direct3D7ViewportTarget.hpp">
      <Filter>Header Files\Drawing\Direct3D7</Filter>
    </ClInclude>
    <ClInclude Include="..\..\Drawing\Direct3D7\Direct3D7X.hpp">
      <Filter>Header Files\Drawing\Direct3D7</Filter>
    </ClInclude>
    <ClInclude Include="..\..\Drawing\Direct3D8\Direct3D8GeometryBuffer.hpp">
      <Filter>Header Files\Drawing\Direct3D8</Filter>
    </ClInclude>
    <ClInclude Include="..\..\Drawing\Direct3D8\Direct3D8Renderer.hpp">
      <Filter>Header Files\Drawing\Direct3D8</Filter>
    </ClInclude>
    <ClInclude Include="..\..\Drawing\Direct3D8\Direct3D8RenderTarget.hpp">
      <Filter>Header Files\Drawing\Direct3D8</Filter>
    </ClInclude>
    <ClInclude Include="..\..\Drawing\Direct3D8\Direct3D8Texture.hpp">
      <Filter>Header Files\Drawing\Direct3D8</Filter>
    </ClInclude>
    <ClInclude Include="..\..\Drawing\Direct3D8\Direct3D8TextureTarget.hpp">
      <Filter>Header Files\Drawing\Direct3D8</Filter>
    </ClInclude>
    <ClInclude Include="..\..\Drawing\Direct3D8\Direct3D8ViewportTarget.hpp">
      <Filter>Header Files\Drawing\Direct3D8</Filter>
    </ClInclude>
    <ClInclude Include="..\..\Drawing\Direct3D8\Direct3D8X.hpp">
      <Filter>Header Files\Drawing\Direct3D8</Filter>
    </ClInclude>
    <ClInclude Include="..\..\Drawing\Direct3D9\Direct3D9GeometryBuffer.hpp">
      <Filter>Header Files\Drawing\Direct3D9</Filter>
    </ClInclude>
    <ClInclude Include="..\..\Drawing\Direct3D9\Direct3D9Renderer.hpp">
      <Filter>Header Files\Drawing\Direct3D9</Filter>
    </ClInclude>
    <ClInclude Include="..\..\Drawing\Direct3D9\Direct3D9RenderTarget.hpp">
      <Filter>Header Files\Drawing\Direct3D9</Filter>
    </ClInclude>
    <ClInclude Include="..\..\Drawing\Direct3D9\Direct3D9Texture.hpp">
      <Filter>Header Files\Drawing\Direct3D9</Filter>
    </ClInclude>
    <ClInclude Include="..\..\Drawing\Direct3D9\Direct3D9TextureTarget.hpp">
      <Filter>Header Files\Drawing\Direct3D9</Filter>
    </ClInclude>
    <ClInclude Include="..\..\Drawing\Direct3D9\Direct3D9ViewportTarget.hpp">
      <Filter>Header Files\Drawing\Direct3D9</Filter>
    </ClInclude>
    <ClInclude Include="..\..\Drawing\Direct3D10\Direct3D10GeometryBuffer.hpp">
      <Filter>Header Files\Drawing\Direct3D10</Filter>
    </ClInclude>
    <ClInclude Include="..\..\Drawing\Direct3D10\Direct3D10Renderer.hpp">
      <Filter>Header Files\Drawing\Direct3D10</Filter>
    </ClInclude>
    <ClInclude Include="..\..\Drawing\Direct3D10\Direct3D10RenderTarget.hpp">
      <Filter>Header Files\Drawing\Direct3D10</Filter>
    </ClInclude>
    <ClInclude Include="..\..\Drawing\Direct3D10\Direct3D10StateBlock.hpp">
      <Filter>Header Files\Drawing\Direct3D10</Filter>
    </ClInclude>
    <ClInclude Include="..\..\Drawing\Direct3D10\Direct3D10Texture.hpp">
      <Filter>Header Files\Drawing\Direct3D10</Filter>
    </ClInclude>
    <ClInclude Include="..\..\Drawing\Direct3D10\Direct3D10TextureTarget.hpp">
      <Filter>Header Files\Drawing\Direct3D10</Filter>
    </ClInclude>
    <ClInclude Include="..\..\Drawing\Direct3D10\Direct3D10ViewportTarget.hpp">
      <Filter>Header Files\Drawing\Direct3D10</Filter>
    </ClInclude>
    <ClInclude Include="..\..\Drawing\Direct3D11\Direct3D11GeometryBuffer.hpp">
      <Filter>Header Files\Drawing\Direct3D11</Filter>
    </ClInclude>
    <ClInclude Include="..\..\Drawing\Direct3D11\Direct3D11Renderer.hpp">
      <Filter>Header Files\Drawing\Direct3D11</Filter>
    </ClInclude>
    <ClInclude Include="..\..\Drawing\Direct3D11\Direct3D11RenderTarget.hpp">
      <Filter>Header Files\Drawing\Direct3D11</Filter>
    </ClInclude>
    <ClInclude Include="..\..\Drawing\Direct3D11\Direct3D11StateBlock.hpp">
      <Filter>Header Files\Drawing\Direct3D11</Filter>
    </ClInclude>
    <ClInclude Include="..\..\Drawing\Direct3D11\Direct3D11Texture.hpp">
      <Filter>Header Files\Drawing\Direct3D11</Filter>
    </ClInclude>
    <ClInclude Include="..\..\Drawing\Direct3D11\Direct3D11TextureTarget.hpp">
      <Filter>Header Files\Drawing\Direct3D11</Filter>
    </ClInclude>
    <ClInclude Include="..\..\Drawing\Direct3D11\Direct3D11ViewportTarget.hpp">
      <Filter>Header Files\Drawing\Direct3D11</Filter>
    </ClInclude>
  </ItemGroup>
  <ItemGroup>
    <ClCompile Include="..\..\Application.cpp">
      <Filter>Source Files</Filter>
    </ClCompile>
    <ClCompile Include="..\..\FormManager.cpp">
      <Filter>Source Files</Filter>
    </ClCompile>
    <ClCompile Include="..\..\Misc\DateTime.cpp">
      <Filter>Source Files\Misc</Filter>
    </ClCompile>
    <ClCompile Include="..\..\Misc\Exceptions.cpp">
      <Filter>Source Files\Misc</Filter>
    </ClCompile>
    <ClCompile Include="..\..\Misc\RawDataContainer.cpp">
      <Filter>Source Files\Misc</Filter>
    </ClCompile>
    <ClCompile Include="..\..\Misc\Strings.cpp">
      <Filter>Source Files\Misc</Filter>
    </ClCompile>
    <ClCompile Include="..\..\Misc\TextHelper.cpp">
      <Filter>Source Files\Misc</Filter>
    </ClCompile>
    <ClCompile Include="..\..\Misc\TimeSpan.cpp">
      <Filter>Source Files\Misc</Filter>
    </ClCompile>
    <ClCompile Include="..\..\Drawing\Color.cpp">
      <Filter>Source Files\Drawing</Filter>
    </ClCompile>
    <ClCompile Include="..\..\Drawing\ColorRectangle.cpp">
      <Filter>Source Files\Drawing</Filter>
    </ClCompile>
    <ClCompile Include="..\..\Drawing\CustomizableImage.cpp">
      <Filter>Source Files\Drawing</Filter>
    </ClCompile>
    <ClCompile Include="..\..\Drawing\Font.cpp">
      <Filter>Source Files\Drawing</Filter>
    </ClCompile>
    <ClCompile Include="..\..\Drawing\FontManager.cpp">
      <Filter>Source Files\Drawing</Filter>
    </ClCompile>
    <ClCompile Include="..\..\Drawing\FreeTypeFont.cpp">
      <Filter>Source Files\Drawing</Filter>
    </ClCompile>
    <ClCompile Include="..\..\Drawing\GeometryBuffer.cpp">
      <Filter>Source Files\Drawing</Filter>
    </ClCompile>
    <ClCompile Include="..\..\Drawing\Graphics.cpp">
      <Filter>Source Files\Drawing</Filter>
    </ClCompile>
    <ClCompile Include="..\..\Drawing\Image.cpp">
      <Filter>Source Files\Drawing</Filter>
    </ClCompile>
    <ClCompile Include="..\..\Drawing\ImageGraphics.cpp">
      <Filter>Source Files\Drawing</Filter>
    </ClCompile>
    <ClCompile Include="..\..\Drawing\ImageLoader.cpp">
      <Filter>Source Files\Drawing</Filter>
    </ClCompile>
    <ClCompile Include="..\..\Drawing\RenderQueue.cpp">
      <Filter>Source Files\Drawing</Filter>
    </ClCompile>
    <ClCompile Include="..\..\Drawing\RenderSurface.cpp">
      <Filter>Source Files\Drawing</Filter>
    </ClCompile>
    <ClCompile Include="..\..\Drawing\RenderTarget.cpp">
      <Filter>Source Files\Drawing</Filter>
    </ClCompile>
    <ClCompile Include="..\..\Drawing\Vector.cpp">
      <Filter>Source Files\Drawing</Filter>
    </ClCompile>
    <ClCompile Include="..\..\Cursor\Circle.cpp">
      <Filter>Source Files\Cursor</Filter>
    </ClCompile>
    <ClCompile Include="..\..\Cursor\Cursor.cpp">
      <Filter>Source Files\Cursor</Filter>
    </ClCompile>
    <ClCompile Include="..\..\Cursor\Cursors.cpp">
      <Filter>Source Files\Cursor</Filter>
    </ClCompile>
    <ClCompile Include="..\..\Cursor\Hand.cpp">
      <Filter>Source Files\Cursor</Filter>
    </ClCompile>
    <ClCompile Include="..\..\Cursor\IBeam.cpp">
      <Filter>Source Files\Cursor</Filter>
    </ClCompile>
    <ClCompile Include="..\..\Cursor\Pen.cpp">
      <Filter>Source Files\Cursor</Filter>
    </ClCompile>
    <ClCompile Include="..\..\Cursor\Pipette.cpp">
      <Filter>Source Files\Cursor</Filter>
    </ClCompile>
    <ClCompile Include="..\..\Cursor\Wait.cpp">
      <Filter>Source Files\Cursor</Filter>
    </ClCompile>
    <ClCompile Include="..\..\Controls\Button.cpp">
      <Filter>Source Files\Controls</Filter>
    </ClCompile>
    <ClCompile Include="..\..\Controls\CheckBox.cpp">
      <Filter>Source Files\Controls</Filter>
    </ClCompile>
    <ClCompile Include="..\..\Controls\ColorBar.cpp">
      <Filter>Source Files\Controls</Filter>
    </ClCompile>
    <ClCompile Include="..\..\Controls\ColorPicker.cpp">
      <Filter>Source Files\Controls</Filter>
    </ClCompile>
    <ClCompile Include="..\..\Controls\ComboBox.cpp">
      <Filter>Source Files\Controls</Filter>
    </ClCompile>
    <ClCompile Include="..\..\Controls\Control.cpp">
      <Filter>Source Files\Controls</Filter>
    </ClCompile>
    <ClCompile Include="..\..\Controls\Form.cpp">
      <Filter>Source Files\Controls</Filter>
    </ClCompile>
    <ClCompile Include="..\..\Controls\GroupBox.cpp">
      <Filter>Source Files\Controls</Filter>
    </ClCompile>
    <ClCompile Include="..\..\Controls\HotkeyControl.cpp">
      <Filter>Source Files\Controls</Filter>
    </ClCompile>
    <ClCompile Include="..\..\Controls\Label.cpp">
      <Filter>Source Files\Controls</Filter>
    </ClCompile>
    <ClCompile Include="..\..\Controls\ListBox.cpp">
      <Filter>Source Files\Controls</Filter>
    </ClCompile>
    <ClCompile Include="..\..\Controls\MessageBox.cpp">
      <Filter>Source Files\Controls</Filter>
    </ClCompile>
    <ClCompile Include="..\..\Controls\Panel.cpp">
      <Filter>Source Files\Controls</Filter>
    </ClCompile>
    <ClCompile Include="..\..\Controls\PictureBox.cpp">
      <Filter>Source Files\Controls</Filter>
    </ClCompile>
    <ClCompile Include="..\..\Controls\ProgressBar.cpp">
      <Filter>Source Files\Controls</Filter>
    </ClCompile>
    <ClCompile Include="..\..\Controls\RadioButton.cpp">
      <Filter>Source Files\Controls</Filter>
    </ClCompile>
    <ClCompile Include="..\..\Controls\ScrollBar.cpp">
      <Filter>Source Files\Controls</Filter>
    </ClCompile>
    <ClCompile Include="..\..\Controls\TabControl.cpp">
      <Filter>Source Files\Controls</Filter>
    </ClCompile>
    <ClCompile Include="..\..\Controls\TabPage.cpp">
      <Filter>Source Files\Controls</Filter>
    </ClCompile>
    <ClCompile Include="..\..\Controls\TextBox.cpp">
      <Filter>Source Files\Controls</Filter>
    </ClCompile>
    <ClCompile Include="..\..\Controls\Timer.cpp">
      <Filter>Source Files\Controls</Filter>
    </ClCompile>
    <ClCompile Include="..\..\Controls\TrackBar.cpp">
      <Filter>Source Files\Controls</Filter>
    </ClCompile>
    <ClCompile Include="..\..\Controls\LinkLabel.cpp">
      <Filter>Source Files\Controls</Filter>
    </ClCompile>
    <ClCompile Include="..\..\Input\Input.cpp">
      <Filter>Source Files\Input</Filter>
    </ClCompile>
    <ClCompile Include="..\..\Drawing\Style.cpp">
      <Filter>Source Files\Drawing</Filter>
    </ClCompile>
    <ClCompile Include="..\..\Input\DirectInput8.cpp">
      <Filter>Source Files\Input</Filter>
    </ClCompile>
    <ClCompile Include="..\..\Input\WindowsMessage.cpp">
      <Filter>Source Files\Input</Filter>
    </ClCompile>
    <ClCompile Include="..\..\Input\WindowsMessageThreaded.cpp">
      <Filter>Source Files\Input</Filter>
    </ClCompile>
    <ClCompile Include="..\..\Drawing\Direct3D7\Direct3D7GeometryBuffer.cpp">
      <Filter>Source Files\Drawing\Direct3D7</Filter>
    </ClCompile>
    <ClCompile Include="..\..\Drawing\Direct3D7\Direct3D7Renderer.cpp">
      <Filter>Source Files\Drawing\Direct3D7</Filter>
    </ClCompile>
    <ClCompile Include="..\..\Drawing\Direct3D7\Direct3D7Texture.cpp">
      <Filter>Source Files\Drawing\Direct3D7</Filter>
    </ClCompile>
    <ClCompile Include="..\..\Drawing\Direct3D7\Direct3D7TextureTarget.cpp">
      <Filter>Source Files\Drawing\Direct3D7</Filter>
    </ClCompile>
    <ClCompile Include="..\..\Drawing\Direct3D7\Direct3D7ViewportTarget.cpp">
      <Filter>Source Files\Drawing\Direct3D7</Filter>
    </ClCompile>
    <ClCompile Include="..\..\Drawing\Direct3D7\Direct3D7X.cpp">
      <Filter>Source Files\Drawing\Direct3D7</Filter>
    </ClCompile>
    <ClCompile Include="..\..\Drawing\Direct3D8\Direct3D8GeometryBuffer.cpp">
      <Filter>Source Files\Drawing\Direct3D8</Filter>
    </ClCompile>
    <ClCompile Include="..\..\Drawing\Direct3D8\Direct3D8Renderer.cpp">
      <Filter>Source Files\Drawing\Direct3D8</Filter>
    </ClCompile>
    <ClCompile Include="..\..\Drawing\Direct3D8\Direct3D8Texture.cpp">
      <Filter>Source Files\Drawing\Direct3D8</Filter>
    </ClCompile>
    <ClCompile Include="..\..\Drawing\Direct3D8\Direct3D8TextureTarget.cpp">
      <Filter>Source Files\Drawing\Direct3D8</Filter>
    </ClCompile>
    <ClCompile Include="..\..\Drawing\Direct3D8\Direct3D8ViewportTarget.cpp">
      <Filter>Source Files\Drawing\Direct3D8</Filter>
    </ClCompile>
    <ClCompile Include="..\..\Drawing\Direct3D8\Direct3D8X.cpp">
      <Filter>Source Files\Drawing\Direct3D8</Filter>
    </ClCompile>
    <ClCompile Include="..\..\Drawing\Direct3D9\Direct3D9GeometryBuffer.cpp">
      <Filter>Source Files\Drawing\Direct3D9</Filter>
    </ClCompile>
    <ClCompile Include="..\..\Drawing\Direct3D9\Direct3D9Renderer.cpp">
      <Filter>Source Files\Drawing\Direct3D9</Filter>
    </ClCompile>
    <ClCompile Include="..\..\Drawing\Direct3D9\Direct3D9Texture.cpp">
      <Filter>Source Files\Drawing\Direct3D9</Filter>
    </ClCompile>
    <ClCompile Include="..\..\Drawing\Direct3D9\Direct3D9TextureTarget.cpp">
      <Filter>Source Files\Drawing\Direct3D9</Filter>
    </ClCompile>
    <ClCompile Include="..\..\Drawing\Direct3D9\Direct3D9ViewportTarget.cpp">
      <Filter>Source Files\Drawing\Direct3D9</Filter>
    </ClCompile>
    <ClCompile Include="..\..\Drawing\Direct3D10\Direct3D10GeometryBuffer.cpp">
      <Filter>Source Files\Drawing\Direct3D10</Filter>
    </ClCompile>
    <ClCompile Include="..\..\Drawing\Direct3D10\Direct3D10Renderer.cpp">
      <Filter>Source Files\Drawing\Direct3D10</Filter>
    </ClCompile>
    <ClCompile Include="..\..\Drawing\Direct3D10\Direct3D10StateBlock.cpp">
      <Filter>Source Files\Drawing\Direct3D10</Filter>
    </ClCompile>
    <ClCompile Include="..\..\Drawing\Direct3D10\Direct3D10Texture.cpp">
      <Filter>Source Files\Drawing\Direct3D10</Filter>
    </ClCompile>
    <ClCompile Include="..\..\Drawing\Direct3D10\Direct3D10TextureTarget.cpp">
      <Filter>Source Files\Drawing\Direct3D10</Filter>
    </ClCompile>
    <ClCompile Include="..\..\Drawing\Direct3D10\Direct3D10ViewportTarget.cpp">
      <Filter>Source Files\Drawing\Direct3D10</Filter>
    </ClCompile>
    <ClCompile Include="..\..\Drawing\Direct3D11\Direct3D11GeometryBuffer.cpp">
      <Filter>Source Files\Drawing\Direct3D11</Filter>
    </ClCompile>
    <ClCompile Include="..\..\Drawing\Direct3D11\Direct3D11Renderer.cpp">
      <Filter>Source Files\Drawing\Direct3D11</Filter>
    </ClCompile>
    <ClCompile Include="..\..\Drawing\Direct3D11\Direct3D11StateBlock.cpp">
      <Filter>Source Files\Drawing\Direct3D11</Filter>
    </ClCompile>
    <ClCompile Include="..\..\Drawing\Direct3D11\Direct3D11Texture.cpp">
      <Filter>Source Files\Drawing\Direct3D11</Filter>
    </ClCompile>
    <ClCompile Include="..\..\Drawing\Direct3D11\Direct3D11TextureTarget.cpp">
      <Filter>Source Files\Drawing\Direct3D11</Filter>
    </ClCompile>
    <ClCompile Include="..\..\Drawing\Direct3D11\Direct3D11ViewportTarget.cpp">
      <Filter>Source Files\Drawing\Direct3D11</Filter>
    </ClCompile>
  </ItemGroup>
</Project>