<?xml version="1.0" encoding="utf-8"?>
<Project ToolsVersion="4.0" xmlns="http://schemas.microsoft.com/developer/msbuild/2003">
  <ItemGroup>
    <Filter Include="Quelldateien">
      <UniqueIdentifier>{4FC737F1-C7A5-4376-A066-2A32D752A2FF}</UniqueIdentifier>
      <Extensions>cpp;c;cc;cxx;def;odl;idl;hpj;bat;asm;asmx</Extensions>
    </Filter>
    <Filter Include="Headerdateien">
      <UniqueIdentifier>{93995380-89BD-4b04-88EB-625FBE52EBFB}</UniqueIdentifier>
      <Extensions>h;hpp;hxx;hm;inl;inc;xsd</Extensions>
    </Filter>
  </ItemGroup>
  <ItemGroup>
    <ClCompile Include="d3dxGlobal.cpp">
      <Filter>Quelldateien</Filter>
    </ClCompile>
    <ClCompile Include="EffectAPI.cpp">
      <Filter>Quelldateien</Filter>
    </ClCompile>
    <ClCompile Include="EffectLoad.cpp">
      <Filter>Quelldateien</Filter>
    </ClCompile>
    <ClCompile Include="EffectNonRuntime.cpp">
      <Filter>Quelldateien</Filter>
    </ClCompile>
    <ClCompile Include="EffectReflection.cpp">
      <Filter>Quelldateien</Filter>
    </ClCompile>
    <ClCompile Include="EffectRuntime.cpp">
      <Filter>Quelldateien</Filter>
    </ClCompile>
    <ClCompile Include="d3dx11dbg.cpp">
      <Filter>Quelldateien</Filter>
    </ClCompile>
  </ItemGroup>
  <ItemGroup>
    <ClInclude Include="Inc\d3dx11dbg.h">
      <Filter>Headerdateien</Filter>
    </ClInclude>
    <ClInclude Include="Inc\d3dx11effect.h">
      <Filter>Headerdateien</Filter>
    </ClInclude>
    <ClInclude Include="Inc\d3dxGlobal.h">
      <Filter>Headerdateien</Filter>
    </ClInclude>
    <ClInclude Include="Binary\EffectBinaryFormat.h">
      <Filter>Headerdateien</Filter>
    </ClInclude>
    <ClInclude Include="Binary\EffectStateBase11.h">
      <Filter>Headerdateien</Filter>
    </ClInclude>
    <ClInclude Include="Binary\EffectStates11.h">
      <Filter>Headerdateien</Filter>
    </ClInclude>
    <ClInclude Include="Binary\SOParser.h">
      <Filter>Headerdateien</Filter>
    </ClInclude>
    <ClInclude Include="EffectLoad.h">
      <Filter>Headerdateien</Filter>
    </ClInclude>
    <ClInclude Include="pchfx.h">
      <Filter>Headerdateien</Filter>
    </ClInclude>
    <ClInclude Include="Effect.h">
      <Filter>Headerdateien</Filter>
    </ClInclude>
  </ItemGroup>
  <ItemGroup>
    <None Include="EffectVariable.inl">
      <Filter>Headerdateien</Filter>
    </None>
  </ItemGroup>
</Project>