<?xml version="1.0" encoding="utf-8"?>
<Project ToolsVersion="4.0" xmlns="http://schemas.microsoft.com/developer/msbuild/2003">
  <ItemGroup>
    <Filter Include="Source Files">
      <UniqueIdentifier>{4FC737F1-C7A5-4376-A066-2A32D752A2FF}</UniqueIdentifier>
      <Extensions>cpp;c;cc;cxx;def;odl;idl;hpj;bat;asm;asmx</Extensions>
    </Filter>
    <Filter Include="Header Files">
      <UniqueIdentifier>{93995380-89BD-4b04-88EB-625FBE52EBFB}</UniqueIdentifier>
      <Extensions>h;hpp;hxx;hm;inl;inc;xsd</Extensions>
    </Filter>
    <Filter Include="Header Files\Controls">
      <UniqueIdentifier>{0cc12cc2-d3c0-4caf-964f-f2c510ffb8eb}</UniqueIdentifier>
    </Filter>
    <Filter Include="Header Files\Drawing">
      <UniqueIdentifier>{91911dc6-61e2-47d6-9571-45cded2a4484}</UniqueIdentifier>
    </Filter>
    <Filter Include="Header Files\Misc">
      <UniqueIdentifier>{051ab02c-6b0e-48bf-a6a8-656a9601b3fe}</UniqueIdentifier>
    </Filter>
    <Filter Include="Header Files\Input">
      <UniqueIdentifier>{ee74dda6-2f4c-468a-bf93-d2d18dc0871a}</UniqueIdentifier>
    </Filter>
    <Filter Include="Header Files\Event">
      <UniqueIdentifier>{63bf4eaa-b6cf-4c51-841e-8236167ee55c}</UniqueIdentifier>
    </Filter>
    <Filter Include="Header Files\Cursor">
      <UniqueIdentifier>{650cd9c3-da37-49ad-a1b1-ecf844352dd9}</UniqueIdentifier>
    </Filter>
    <Filter Include="Source Files\Controls">
      <UniqueIdentifier>{b4e91939-5fc5-4d0b-b459-0616872ec3e8}</UniqueIdentifier>
    </Filter>
    <Filter Include="Source Files\Cursor">
      <UniqueIdentifier>{d330fe9c-71f3-44ce-bf19-78d10e6ad72f}</UniqueIdentifier>
    </Filter>
    <Filter Include="Source Files\Drawing">
      <UniqueIdentifier>{08406e09-332e-4034-8c12-dcb078eeaa7e}</UniqueIdentifier>
    </Filter>
    <Filter Include="Source Files\Event">
      <UniqueIdentifier>{041d73fb-c294-4af7-bf6d-4e5e66da3b22}</UniqueIdentifier>
    </Filter>
    <Filter Include="Source Files\Input">
      <UniqueIdentifier>{b475d918-a52b-49e0-a8e6-b502f70699ec}</UniqueIdentifier>
    </Filter>
    <Filter Include="Source Files\Misc">
      <UniqueIdentifier>{a0300167-5492-4504-ba3c-a60d925a3ed3}</UniqueIdentifier>
    </Filter>
    <Filter Include="Source Files\Drawing\Direct3D7">
      <UniqueIdentifier>{18686f62-2f1d-47e9-b744-4c3d122ba81f}</UniqueIdentifier>
    </Filter>
    <Filter Include="Source Files\Drawing\Direct3D8">
      <UniqueIdentifier>{3b992495-3da3-4d41-97e0-e4d971b72c2d}</UniqueIdentifier>
    </Filter>
    <Filter Include="Source Files\Drawing\Direct3D9">
      <UniqueIdentifier>{0977c4b8-54db-49b7-92e8-b55fca87efaa}</UniqueIdentifier>
    </Filter>
    <Filter Include="Source Files\Drawing\Direct3D10">
      <UniqueIdentifier>{633874b4-726e-4a85-b99e-439bcda9c9a8}</UniqueIdentifier>
    </Filter>
    <Filter Include="Source Files\Drawing\Direct3D11">
      <UniqueIdentifier>{eb79d3b8-fe09-4216-8cfb-43952eb21b53}</UniqueIdentifier>
    </Filter>
    <Filter Include="Header Files\Drawing\Direct3D7">
      <UniqueIdentifier>{6713be4f-4cad-4fbe-85ac-82bfe8cb2f31}</UniqueIdentifier>
    </Filter>
    <Filter Include="Header Files\Drawing\Direct3D8">
      <UniqueIdentifier>{1469029f-02b1-4842-ba00-45a3e9be532d}</UniqueIdentifier>
    </Filter>
    <Filter Include="Header Files\Drawing\Direct3D9">
      <UniqueIdentifier>{25968de1-45d7-46bb-8cfc-b444cb07e9ff}</UniqueIdentifier>
    </Filter>
    <Filter Include="Header Files\Drawing\Direct3D10">
      <UniqueIdentifier>{cf3bcc13-bbe8-4180-9219-d5d662e5c1f2}</UniqueIdentifier>
    </Filter>
    <Filter Include="Header Files\Drawing\Direct3D11">
      <UniqueIdentifier>{e8fc3b17-f57f-4c14-8b8b-6a7a7c9d38bc}</UniqueIdentifier>
    </Filter>
    <Filter Include="Source Files\Drawing\Direct3D9Ex">
      <UniqueIdentifier>{4b2c0a40-3552-4452-b5da-ca5d7fb43dc8}</UniqueIdentifier>
    </Filter>
  </ItemGroup>
  <ItemGroup>
    <ClCompile Include="..\..\Application.cpp">
      <Filter>Source Files</Filter>
    </ClCompile>
    <ClCompile Include="..\..\FormManager.cpp">
      <Filter>Source Files</Filter>
    </ClCompile>
    <ClCompile Include="..\..\Misc\DateTime.cpp">
      <Filter>Source Files\Misc</Filter>
    </ClCompile>
    <ClCompile Include="..\..\Misc\Exceptions.cpp">
      <Filter>Source Files\Misc</Filter>
    </ClCompile>
    <ClCompile Include="..\..\Misc\RawDataContainer.cpp">
      <Filter>Source Files\Misc</Filter>
    </ClCompile>
    <ClCompile Include="..\..\Misc\Strings.cpp">
      <Filter>Source Files\Misc</Filter>
    </ClCompile>
    <ClCompile Include="..\..\Misc\TextHelper.cpp">
      <Filter>Source Files\Misc</Filter>
    </ClCompile>
    <ClCompile Include="..\..\Misc\TimeSpan.cpp">
      <Filter>Source Files\Misc</Filter>
    </ClCompile>
    <ClCompile Include="..\..\Drawing\Color.cpp">
      <Filter>Source Files\Drawing</Filter>
    </ClCompile>
    <ClCompile Include="..\..\Drawing\ColorRectangle.cpp">
      <Filter>Source Files\Drawing</Filter>
    </ClCompile>
    <ClCompile Include="..\..\Drawing\CustomizableImage.cpp">
      <Filter>Source Files\Drawing</Filter>
    </ClCompile>
    <ClCompile Include="..\..\Drawing\Font.cpp">
      <Filter>Source Files\Drawing</Filter>
    </ClCompile>
    <ClCompile Include="..\..\Drawing\FontManager.cpp">
      <Filter>Source Files\Drawing</Filter>
    </ClCompile>
    <ClCompile Include="..\..\Drawing\FreeTypeFont.cpp">
      <Filter>Source Files\Drawing</Filter>
    </ClCompile>
    <ClCompile Include="..\..\Drawing\GeometryBuffer.cpp">
      <Filter>Source Files\Drawing</Filter>
    </ClCompile>
    <ClCompile Include="..\..\Drawing\Graphics.cpp">
      <Filter>Source Files\Drawing</Filter>
    </ClCompile>
    <ClCompile Include="..\..\Drawing\Image.cpp">
      <Filter>Source Files\Drawing</Filter>
    </ClCompile>
    <ClCompile Include="..\..\Drawing\ImageGraphics.cpp">
      <Filter>Source Files\Drawing</Filter>
    </ClCompile>
    <ClCompile Include="..\..\Drawing\ImageLoader.cpp">
      <Filter>Source Files\Drawing</Filter>
    </ClCompile>
    <ClCompile Include="..\..\Drawing\RenderQueue.cpp">
      <Filter>Source Files\Drawing</Filter>
    </ClCompile>
    <ClCompile Include="..\..\Drawing\RenderSurface.cpp">
      <Filter>Source Files\Drawing</Filter>
    </ClCompile>
    <ClCompile Include="..\..\Drawing\RenderTarget.cpp">
      <Filter>Source Files\Drawing</Filter>
    </ClCompile>
    <ClCompile Include="..\..\Drawing\Vector.cpp">
      <Filter>Source Files\Drawing</Filter>
    </ClCompile>
    <ClCompile Include="..\..\Cursor\Circle.cpp">
      <Filter>Source Files\Cursor</Filter>
    </ClCompile>
    <ClCompile Include="..\..\Cursor\Cursor.cpp">
      <Filter>Source Files\Cursor</Filter>
    </ClCompile>
    <ClCompile Include="..\..\Cursor\Cursors.cpp">
      <Filter>Source Files\Cursor</Filter>
    </ClCompile>
    <ClCompile Include="..\..\Cursor\Hand.cpp">
      <Filter>Source Files\Cursor</Filter>
    </ClCompile>
    <ClCompile Include="..\..\Cursor\IBeam.cpp">
      <Filter>Source Files\Cursor</Filter>
    </ClCompile>
    <ClCompile Include="..\..\Cursor\Pen.cpp">
      <Filter>Source Files\Cursor</Filter>
    </ClCompile>
    <ClCompile Include="..\..\Cursor\Pipette.cpp">
      <Filter>Source Files\Cursor</Filter>
    </ClCompile>
    <ClCompile Include="..\..\Cursor\Wait.cpp">
      <Filter>Source Files\Cursor</Filter>
    </ClCompile>
    <ClCompile Include="..\..\Controls\Button.cpp">
      <Filter>Source Files\Controls</Filter>
    </ClCompile>
    <ClCompile Include="..\..\Controls\CheckBox.cpp">
      <Filter>Source Files\Controls</Filter>
    </ClCompile>
    <ClCompile Include="..\..\Controls\ColorBar.cpp">
      <Filter>Source Files\Controls</Filter>
    </ClCompile>
    <ClCompile Include="..\..\Controls\ColorPicker.cpp">
      <Filter>Source Files\Controls</Filter>
    </ClCompile>
    <ClCompile Include="..\..\Controls\ComboBox.cpp">
      <Filter>Source Files\Controls</Filter>
    </ClCompile>
    <ClCompile Include="..\..\Controls\Control.cpp">
      <Filter>Source Files\Controls</Filter>
    </ClCompile>
    <ClCompile Include="..\..\Controls\Form.cpp">
      <Filter>Source Files\Controls</Filter>
    </ClCompile>
    <ClCompile Include="..\..\Controls\GroupBox.cpp">
      <Filter>Source Files\Controls</Filter>
    </ClCompile>
    <ClCompile Include="..\..\Controls\HotkeyControl.cpp">
      <Filter>Source Files\Controls</Filter>
    </ClCompile>
    <ClCompile Include="..\..\Controls\Label.cpp">
      <Filter>Source Files\Controls</Filter>
    </ClCompile>
    <ClCompile Include="..\..\Controls\ListBox.cpp">
      <Filter>Source Files\Controls</Filter>
    </ClCompile>
    <ClCompile Include="..\..\Controls\MessageBox.cpp">
      <Filter>Source Files\Controls</Filter>
    </ClCompile>
    <ClCompile Include="..\..\Controls\Panel.cpp">
      <Filter>Source Files\Controls</Filter>
    </ClCompile>
    <ClCompile Include="..\..\Controls\PictureBox.cpp">
      <Filter>Source Files\Controls</Filter>
    </ClCompile>
    <ClCompile Include="..\..\Controls\ProgressBar.cpp">
      <Filter>Source Files\Controls</Filter>
    </ClCompile>
    <ClCompile Include="..\..\Controls\RadioButton.cpp">
      <Filter>Source Files\Controls</Filter>
    </ClCompile>
    <ClCompile Include="..\..\Controls\ScrollBar.cpp">
      <Filter>Source Files\Controls</Filter>
    </ClCompile>
    <ClCompile Include="..\..\Controls\TabControl.cpp">
      <Filter>Source Files\Controls</Filter>
    </ClCompile>
    <ClCompile Include="..\..\Controls\TabPage.cpp">
      <Filter>Source Files\Controls</Filter>
    </ClCompile>
    <ClCompile Include="..\..\Controls\TextBox.cpp">
      <Filter>Source Files\Controls</Filter>
    </ClCompile>
    <ClCompile Include="..\..\Controls\Timer.cpp">
      <Filter>Source Files\Controls</Filter>
    </ClCompile>
    <ClCompile Include="..\..\Controls\TrackBar.cpp">
      <Filter>Source Files\Controls</Filter>
    </ClCompile>
    <ClCompile Include="..\..\Controls\LinkLabel.cpp">
      <Filter>Source Files\Controls</Filter>
    </ClCompile>
    <ClCompile Include="..\..\Input\Input.cpp">
      <Filter>Source Files\Input</Filter>
    </ClCompile>
    <ClCompile Include="..\..\Drawing\Style.cpp">
      <Filter>Source Files\Drawing</Filter>
    </ClCompile>
    <ClCompile Include="..\..\Drawing\Direct3D7\Direct3D7GeometryBuffer.cpp">
      <Filter>Source Files\Drawing\Direct3D7</Filter>
    </ClCompile>
    <ClCompile Include="..\..\Drawing\Direct3D7\Direct3D7Renderer.cpp">
      <Filter>Source Files\Drawing\Direct3D7</Filter>
    </ClCompile>
    <ClCompile Include="..\..\Drawing\Direct3D7\Direct3D7Texture.cpp">
      <Filter>Source Files\Drawing\Direct3D7</Filter>
    </ClCompile>
    <ClCompile Include="..\..\Drawing\Direct3D7\Direct3D7TextureTarget.cpp">
      <Filter>Source Files\Drawing\Direct3D7</Filter>
    </ClCompile>
    <ClCompile Include="..\..\Drawing\Direct3D7\Direct3D7ViewportTarget.cpp">
      <Filter>Source Files\Drawing\Direct3D7</Filter>
    </ClCompile>
    <ClCompile Include="..\..\Drawing\Direct3D7\Direct3D7X.cpp">
      <Filter>Source Files\Drawing\Direct3D7</Filter>
    </ClCompile>
    <ClCompile Include="..\..\Drawing\Direct3D8\Direct3D8GeometryBuffer.cpp">
      <Filter>Source Files\Drawing\Direct3D8</Filter>
    </ClCompile>
    <ClCompile Include="..\..\Drawing\Direct3D8\Direct3D8Renderer.cpp">
      <Filter>Source Files\Drawing\Direct3D8</Filter>
    </ClCompile>
    <ClCompile Include="..\..\Drawing\Direct3D8\Direct3D8Texture.cpp">
      <Filter>Source Files\Drawing\Direct3D8</Filter>
    </ClCompile>
    <ClCompile Include="..\..\Drawing\Direct3D8\Direct3D8TextureTarget.cpp">
      <Filter>Source Files\Drawing\Direct3D8</Filter>
    </ClCompile>
    <ClCompile Include="..\..\Drawing\Direct3D8\Direct3D8ViewportTarget.cpp">
      <Filter>Source Files\Drawing\Direct3D8</Filter>
    </ClCompile>
    <ClCompile Include="..\..\Drawing\Direct3D8\Direct3D8X.cpp">
      <Filter>Source Files\Drawing\Direct3D8</Filter>
    </ClCompile>
    <ClCompile Include="..\..\Drawing\Direct3D10\Direct3D10GeometryBuffer.cpp">
      <Filter>Source Files\Drawing\Direct3D10</Filter>
    </ClCompile>
    <ClCompile Include="..\..\Drawing\Direct3D10\Direct3D10Renderer.cpp">
      <Filter>Source Files\Drawing\Direct3D10</Filter>
    </ClCompile>
    <ClCompile Include="..\..\Drawing\Direct3D10\Direct3D10StateBlock.cpp">
      <Filter>Source Files\Drawing\Direct3D10</Filter>
    </ClCompile>
    <ClCompile Include="..\..\Drawing\Direct3D10\Direct3D10Texture.cpp">
      <Filter>Source Files\Drawing\Direct3D10</Filter>
    </ClCompile>
    <ClCompile Include="..\..\Drawing\Direct3D10\Direct3D10TextureTarget.cpp">
      <Filter>Source Files\Drawing\Direct3D10</Filter>
    </ClCompile>
    <ClCompile Include="..\..\Drawing\Direct3D10\Direct3D10ViewportTarget.cpp">
      <Filter>Source Files\Drawing\Direct3D10</Filter>
    </ClCompile>
    <ClCompile Include="..\..\Drawing\Direct3D11\Direct3D11GeometryBuffer.cpp">
      <Filter>Source Files\Drawing\Direct3D11</Filter>
    </ClCompile>
    <ClCompile Include="..\..\Drawing\Direct3D11\Direct3D11Renderer.cpp">
      <Filter>Source Files\Drawing\Direct3D11</Filter>
    </ClCompile>
    <ClCompile Include="..\..\Drawing\Direct3D11\Direct3D11StateBlock.cpp">
      <Filter>Source Files\Drawing\Direct3D11</Filter>
    </ClCompile>
    <ClCompile Include="..\..\Drawing\Direct3D11\Direct3D11Texture.cpp">
      <Filter>Source Files\Drawing\Direct3D11</Filter>
    </ClCompile>
    <ClCompile Include="..\..\Drawing\Direct3D11\Direct3D11TextureTarget.cpp">
      <Filter>Source Files\Drawing\Direct3D11</Filter>
    </ClCompile>
    <ClCompile Include="..\..\Drawing\Direct3D11\Direct3D11ViewportTarget.cpp">
      <Filter>Source Files\Drawing\Direct3D11</Filter>
    </ClCompile>
    <ClCompile Include="..\..\Input\DirectInput8.cpp">
      <Filter>Source Files\Input</Filter>
    </ClCompile>
    <ClCompile Include="..\..\Input\WindowsMessage.cpp">
      <Filter>Source Files\Input</Filter>
    </ClCompile>
    <ClCompile Include="..\..\Input\WindowsMessageThreaded.cpp">
      <Filter>Source Files\Input</Filter>
    </ClCompile>
    <ClCompile Include="..\..\Controls\ColorButton.cpp">
      <Filter>Source Files\Controls</Filter>
    </ClCompile>
    <ClCompile Include="..\..\Controls\ComboList.cpp">
      <Filter>Source Files\Controls</Filter>
    </ClCompile>
    <ClCompile Include="..\..\Drawing\Direct3D9\Direct3D9GeometryBuffer.cpp">
      <Filter>Source Files\Drawing\Direct3D9</Filter>
    </ClCompile>
    <ClCompile Include="..\..\Drawing\Direct3D9\Direct3D9Renderer.cpp">
      <Filter>Source Files\Drawing\Direct3D9</Filter>
    </ClCompile>
    <ClCompile Include="..\..\Drawing\Direct3D9\Direct3D9Texture.cpp">
      <Filter>Source Files\Drawing\Direct3D9</Filter>
    </ClCompile>
    <ClCompile Include="..\..\Drawing\Direct3D9\Direct3D9TextureTarget.cpp">
      <Filter>Source Files\Drawing\Direct3D9</Filter>
    </ClCompile>
    <ClCompile Include="..\..\Drawing\Direct3D9\Direct3D9ViewportTarget.cpp">
      <Filter>Source Files\Drawing\Direct3D9</Filter>
    </ClCompile>
    <ClCompile Include="..\..\Drawing\Direct3D9Ex\Direct3D9ExRenderer.cpp">
      <Filter>Source Files\Drawing\Direct3D9Ex</Filter>
    </ClCompile>
    <ClCompile Include="..\..\Drawing\Direct3D9Ex\Direct3D9ExTexture.cpp">
      <Filter>Source Files\Drawing\Direct3D9Ex</Filter>
    </ClCompile>
  </ItemGroup>
  <ItemGroup>
    <ClInclude Include="..\..\Misc\ConcurrendQueue.hpp">
      <Filter>Header Files\Misc</Filter>
    </ClInclude>
    <ClInclude Include="..\..\Misc\Intersection.hpp">
      <Filter>Header Files\Misc</Filter>
    </ClInclude>
    <ClInclude Include="..\..\Misc\ReverseIterator.hpp">
      <Filter>Header Files\Misc</Filter>
    </ClInclude>
    <ClInclude Include="..\..\Misc\Any.hpp">
      <Filter>Header Files\Misc</Filter>
    </ClInclude>
    <ClInclude Include="..\..\Misc\Exceptions.hpp">
      <Filter>Header Files\Misc</Filter>
    </ClInclude>
    <ClInclude Include="..\..\Misc\DateTime.hpp">
      <Filter>Header Files\Misc</Filter>
    </ClInclude>
    <ClInclude Include="..\..\Misc\RawDataContainer.hpp">
      <Filter>Header Files\Misc</Filter>
    </ClInclude>
    <ClInclude Include="..\..\Misc\Strings.hpp">
      <Filter>Header Files\Misc</Filter>
    </ClInclude>
    <ClInclude Include="..\..\Misc\TextHelper.hpp">
      <Filter>Header Files\Misc</Filter>
    </ClInclude>
    <ClInclude Include="..\..\Misc\TimeSpan.hpp">
      <Filter>Header Files\Misc</Filter>
    </ClInclude>
    <ClInclude Include="..\..\Application.hpp">
      <Filter>Header Files</Filter>
    </ClInclude>
    <ClInclude Include="..\..\Exports.hpp">
      <Filter>Header Files</Filter>
    </ClInclude>
    <ClInclude Include="..\..\FormManager.hpp">
      <Filter>Header Files</Filter>
    </ClInclude>
    <ClInclude Include="..\..\OSHGui.hpp">
      <Filter>Header Files</Filter>
    </ClInclude>
    <ClInclude Include="..\..\Event\Event.hpp">
      <Filter>Header Files\Event</Filter>
    </ClInclude>
    <ClInclude Include="..\..\Event\EventHandler.hpp">
      <Filter>Header Files\Event</Filter>
    </ClInclude>
    <ClInclude Include="..\..\Event\Hotkey.hpp">
      <Filter>Header Files\Event</Filter>
    </ClInclude>
    <ClInclude Include="..\..\Event\Key.hpp">
      <Filter>Header Files\Event</Filter>
    </ClInclude>
    <ClInclude Include="..\..\Event\KeyboardMessage.hpp">
      <Filter>Header Files\Event</Filter>
    </ClInclude>
    <ClInclude Include="..\..\Event\KeyEventArgs.hpp">
      <Filter>Header Files\Event</Filter>
    </ClInclude>
    <ClInclude Include="..\..\Event\KeyPressEventArgs.hpp">
      <Filter>Header Files\Event</Filter>
    </ClInclude>
    <ClInclude Include="..\..\Event\MouseButton.hpp">
      <Filter>Header Files\Event</Filter>
    </ClInclude>
    <ClInclude Include="..\..\Event\MouseEventArgs.hpp">
      <Filter>Header Files\Event</Filter>
    </ClInclude>
    <ClInclude Include="..\..\Event\MouseMessage.hpp">
      <Filter>Header Files\Event</Filter>
    </ClInclude>
    <ClInclude Include="..\..\Event\ScrollEventArgs.hpp">
      <Filter>Header Files\Event</Filter>
    </ClInclude>
    <ClInclude Include="..\..\Drawing\ImageLoader.hpp">
      <Filter>Header Files\Drawing</Filter>
    </ClInclude>
    <ClInclude Include="..\..\Drawing\Point.hpp">
      <Filter>Header Files\Drawing</Filter>
    </ClInclude>
    <ClInclude Include="..\..\Drawing\Quaternion.hpp">
      <Filter>Header Files\Drawing</Filter>
    </ClInclude>
    <ClInclude Include="..\..\Drawing\Rectangle.hpp">
      <Filter>Header Files\Drawing</Filter>
    </ClInclude>
    <ClInclude Include="..\..\Drawing\RenderContext.hpp">
      <Filter>Header Files\Drawing</Filter>
    </ClInclude>
    <ClInclude Include="..\..\Drawing\Renderer.hpp">
      <Filter>Header Files\Drawing</Filter>
    </ClInclude>
    <ClInclude Include="..\..\Drawing\RenderQueue.hpp">
      <Filter>Header Files\Drawing</Filter>
    </ClInclude>
    <ClInclude Include="..\..\Drawing\RenderSurface.hpp">
      <Filter>Header Files\Drawing</Filter>
    </ClInclude>
    <ClInclude Include="..\..\Drawing\RenderTarget.hpp">
      <Filter>Header Files\Drawing</Filter>
    </ClInclude>
    <ClInclude Include="..\..\Drawing\Size.hpp">
      <Filter>Header Files\Drawing</Filter>
    </ClInclude>
    <ClInclude Include="..\..\Drawing\Texture.hpp">
      <Filter>Header Files\Drawing</Filter>
    </ClInclude>
    <ClInclude Include="..\..\Drawing\TextureTarget.hpp">
      <Filter>Header Files\Drawing</Filter>
    </ClInclude>
    <ClInclude Include="..\..\Drawing\Theme.hpp">
      <Filter>Header Files\Drawing</Filter>
    </ClInclude>
    <ClInclude Include="..\..\Drawing\Vector.hpp">
      <Filter>Header Files\Drawing</Filter>
    </ClInclude>
    <ClInclude Include="..\..\Drawing\Vertex.hpp">
      <Filter>Header Files\Drawing</Filter>
    </ClInclude>
    <ClInclude Include="..\..\Drawing\Color.hpp">
      <Filter>Header Files\Drawing</Filter>
    </ClInclude>
    <ClInclude Include="..\..\Drawing\ColorRectangle.hpp">
      <Filter>Header Files\Drawing</Filter>
    </ClInclude>
    <ClInclude Include="..\..\Drawing\CustomizableImage.hpp">
      <Filter>Header Files\Drawing</Filter>
    </ClInclude>
    <ClInclude Include="..\..\Drawing\Font.hpp">
      <Filter>Header Files\Drawing</Filter>
    </ClInclude>
    <ClInclude Include="..\..\Drawing\FontGlyph.hpp">
      <Filter>Header Files\Drawing</Filter>
    </ClInclude>
    <ClInclude Include="..\..\Drawing\FontManager.hpp">
      <Filter>Header Files\Drawing</Filter>
    </ClInclude>
    <ClInclude Include="..\..\Drawing\FreeTypeFont.hpp">
      <Filter>Header Files\Drawing</Filter>
    </ClInclude>
    <ClInclude Include="..\..\Drawing\GeometryBuffer.hpp">
      <Filter>Header Files\Drawing</Filter>
    </ClInclude>
    <ClInclude Include="..\..\Drawing\Graphics.hpp">
      <Filter>Header Files\Drawing</Filter>
    </ClInclude>
    <ClInclude Include="..\..\Drawing\Image.hpp">
      <Filter>Header Files\Drawing</Filter>
    </ClInclude>
    <ClInclude Include="..\..\Drawing\ImageGraphics.hpp">
      <Filter>Header Files\Drawing</Filter>
    </ClInclude>
    <ClInclude Include="..\..\Cursor\Circle.hpp">
      <Filter>Header Files\Cursor</Filter>
    </ClInclude>
    <ClInclude Include="..\..\Cursor\Cursor.hpp">
      <Filter>Header Files\Cursor</Filter>
    </ClInclude>
    <ClInclude Include="..\..\Cursor\Cursors.hpp">
      <Filter>Header Files\Cursor</Filter>
    </ClInclude>
    <ClInclude Include="..\..\Cursor\Hand.hpp">
      <Filter>Header Files\Cursor</Filter>
    </ClInclude>
    <ClInclude Include="..\..\Cursor\IBeam.hpp">
      <Filter>Header Files\Cursor</Filter>
    </ClInclude>
    <ClInclude Include="..\..\Cursor\Pen.hpp">
      <Filter>Header Files\Cursor</Filter>
    </ClInclude>
    <ClInclude Include="..\..\Cursor\Pipette.hpp">
      <Filter>Header Files\Cursor</Filter>
    </ClInclude>
    <ClInclude Include="..\..\Cursor\Wait.hpp">
      <Filter>Header Files\Cursor</Filter>
    </ClInclude>
    <ClInclude Include="..\..\Controls\Button.hpp">
      <Filter>Header Files\Controls</Filter>
    </ClInclude>
    <ClInclude Include="..\..\Controls\CheckBox.hpp">
      <Filter>Header Files\Controls</Filter>
    </ClInclude>
    <ClInclude Include="..\..\Controls\ColorBar.hpp">
      <Filter>Header Files\Controls</Filter>
    </ClInclude>
    <ClInclude Include="..\..\Controls\ColorPicker.hpp">
      <Filter>Header Files\Controls</Filter>
    </ClInclude>
    <ClInclude Include="..\..\Controls\ComboBox.hpp">
      <Filter>Header Files\Controls</Filter>
    </ClInclude>
    <ClInclude Include="..\..\Controls\Control.hpp">
      <Filter>Header Files\Controls</Filter>
    </ClInclude>
    <ClInclude Include="..\..\Controls\Form.hpp">
      <Filter>Header Files\Controls</Filter>
    </ClInclude>
    <ClInclude Include="..\..\Controls\GroupBox.hpp">
      <Filter>Header Files\Controls</Filter>
    </ClInclude>
    <ClInclude Include="..\..\Controls\HotkeyControl.hpp">
      <Filter>Header Files\Controls</Filter>
    </ClInclude>
    <ClInclude Include="..\..\Controls\Label.hpp">
      <Filter>Header Files\Controls</Filter>
    </ClInclude>
    <ClInclude Include="..\..\Controls\ListBox.hpp">
      <Filter>Header Files\Controls</Filter>
    </ClInclude>
    <ClInclude Include="..\..\Controls\MessageBox.hpp">
      <Filter>Header Files\Controls</Filter>
    </ClInclude>
    <ClInclude Include="..\..\Controls\Panel.hpp">
      <Filter>Header Files\Controls</Filter>
    </ClInclude>
    <ClInclude Include="..\..\Controls\PictureBox.hpp">
      <Filter>Header Files\Controls</Filter>
    </ClInclude>
    <ClInclude Include="..\..\Controls\ProgressBar.hpp">
      <Filter>Header Files\Controls</Filter>
    </ClInclude>
    <ClInclude Include="..\..\Controls\ScrollBar.hpp">
      <Filter>Header Files\Controls</Filter>
    </ClInclude>
    <ClInclude Include="..\..\Controls\TabControl.hpp">
      <Filter>Header Files\Controls</Filter>
    </ClInclude>
    <ClInclude Include="..\..\Controls\TabPage.hpp">
      <Filter>Header Files\Controls</Filter>
    </ClInclude>
    <ClInclude Include="..\..\Controls\TextBox.hpp">
      <Filter>Header Files\Controls</Filter>
    </ClInclude>
    <ClInclude Include="..\..\Controls\Timer.hpp">
      <Filter>Header Files\Controls</Filter>
    </ClInclude>
    <ClInclude Include="..\..\Controls\TrackBar.hpp">
      <Filter>Header Files\Controls</Filter>
    </ClInclude>
    <ClInclude Include="..\..\Controls\LinkLabel.hpp">
      <Filter>Header Files\Controls</Filter>
    </ClInclude>
    <ClInclude Include="..\..\Controls\RadioButton.hpp">
      <Filter>Header Files\Controls</Filter>
    </ClInclude>
    <ClInclude Include="..\..\Input\Input.hpp">
      <Filter>Header Files\Input</Filter>
    </ClInclude>
    <ClInclude Include="..\..\Drawing\Direct3D7\Direct3D7GeometryBuffer.hpp">
      <Filter>Header Files\Drawing\Direct3D7</Filter>
    </ClInclude>
    <ClInclude Include="..\..\Drawing\Direct3D7\Direct3D7Renderer.hpp">
      <Filter>Header Files\Drawing\Direct3D7</Filter>
    </ClInclude>
    <ClInclude Include="..\..\Drawing\Direct3D7\Direct3D7RenderTarget.hpp">
      <Filter>Header Files\Drawing\Direct3D7</Filter>
    </ClInclude>
    <ClInclude Include="..\..\Drawing\Direct3D7\Direct3D7Texture.hpp">
      <Filter>Header Files\Drawing\Direct3D7</Filter>
    </ClInclude>
    <ClInclude Include="..\..\Drawing\Direct3D7\Direct3D7TextureTarget.hpp">
      <Filter>Header Files\Drawing\Direct3D7</Filter>
    </ClInclude>
    <ClInclude Include="..\..\Drawing\Direct3D7\Direct3D7ViewportTarget.hpp">
      <Filter>Header Files\Drawing\Direct3D7</Filter>
    </ClInclude>
    <ClInclude Include="..\..\Drawing\Direct3D7\Direct3D7X.hpp">
      <Filter>Header Files\Drawing\Direct3D7</Filter>
    </ClInclude>
    <ClInclude Include="..\..\Drawing\Direct3D8\Direct3D8GeometryBuffer.hpp">
      <Filter>Header Files\Drawing\Direct3D8</Filter>
    </ClInclude>
    <ClInclude Include="..\..\Drawing\Direct3D8\Direct3D8Renderer.hpp">
      <Filter>Header Files\Drawing\Direct3D8</Filter>
    </ClInclude>
    <ClInclude Include="..\..\Drawing\Direct3D8\Direct3D8RenderTarget.hpp">
      <Filter>Header Files\Drawing\Direct3D8</Filter>
    </ClInclude>
    <ClInclude Include="..\..\Drawing\Direct3D8\Direct3D8Texture.hpp">
      <Filter>Header Files\Drawing\Direct3D8</Filter>
    </ClInclude>
    <ClInclude Include="..\..\Drawing\Direct3D8\Direct3D8TextureTarget.hpp">
      <Filter>Header Files\Drawing\Direct3D8</Filter>
    </ClInclude>
    <ClInclude Include="..\..\Drawing\Direct3D8\Direct3D8ViewportTarget.hpp">
      <Filter>Header Files\Drawing\Direct3D8</Filter>
    </ClInclude>
    <ClInclude Include="..\..\Drawing\Direct3D8\Direct3D8X.hpp">
      <Filter>Header Files\Drawing\Direct3D8</Filter>
    </ClInclude>
    <ClInclude Include="..\..\Drawing\Direct3D10\Direct3D10GeometryBuffer.hpp">
      <Filter>Header Files\Drawing\Direct3D10</Filter>
    </ClInclude>
    <ClInclude Include="..\..\Drawing\Direct3D10\Direct3D10Renderer.hpp">
      <Filter>Header Files\Drawing\Direct3D10</Filter>
    </ClInclude>
    <ClInclude Include="..\..\Drawing\Direct3D10\Direct3D10RenderTarget.hpp">
      <Filter>Header Files\Drawing\Direct3D10</Filter>
    </ClInclude>
    <ClInclude Include="..\..\Drawing\Direct3D10\Direct3D10StateBlock.hpp">
      <Filter>Header Files\Drawing\Direct3D10</Filter>
    </ClInclude>
    <ClInclude Include="..\..\Drawing\Direct3D10\Direct3D10Texture.hpp">
      <Filter>Header Files\Drawing\Direct3D10</Filter>
    </ClInclude>
    <ClInclude Include="..\..\Drawing\Direct3D10\Direct3D10TextureTarget.hpp">
      <Filter>Header Files\Drawing\Direct3D10</Filter>
    </ClInclude>
    <ClInclude Include="..\..\Drawing\Direct3D10\Direct3D10ViewportTarget.hpp">
      <Filter>Header Files\Drawing\Direct3D10</Filter>
    </ClInclude>
    <ClInclude Include="..\..\Drawing\Direct3D11\Direct3D11GeometryBuffer.hpp">
      <Filter>Header Files\Drawing\Direct3D11</Filter>
    </ClInclude>
    <ClInclude Include="..\..\Drawing\Direct3D11\Direct3D11Renderer.hpp">
      <Filter>Header Files\Drawing\Direct3D11</Filter>
    </ClInclude>
    <ClInclude Include="..\..\Drawing\Direct3D11\Direct3D11RenderTarget.hpp">
      <Filter>Header Files\Drawing\Direct3D11</Filter>
    </ClInclude>
    <ClInclude Include="..\..\Drawing\Direct3D11\Direct3D11StateBlock.hpp">
      <Filter>Header Files\Drawing\Direct3D11</Filter>
    </ClInclude>
    <ClInclude Include="..\..\Drawing\Direct3D11\Direct3D11Texture.hpp">
      <Filter>Header Files\Drawing\Direct3D11</Filter>
    </ClInclude>
    <ClInclude Include="..\..\Drawing\Direct3D11\Direct3D11TextureTarget.hpp">
      <Filter>Header Files\Drawing\Direct3D11</Filter>
    </ClInclude>
    <ClInclude Include="..\..\Drawing\Direct3D11\Direct3D11ViewportTarget.hpp">
      <Filter>Header Files\Drawing\Direct3D11</Filter>
    </ClInclude>
    <ClInclude Include="..\..\Input\DirectInput8.hpp">
      <Filter>Header Files\Input</Filter>
    </ClInclude>
    <ClInclude Include="..\..\Input\WindowsMessage.hpp">
      <Filter>Header Files\Input</Filter>
    </ClInclude>
    <ClInclude Include="..\..\Input\WindowsMessageThreaded.hpp">
      <Filter>Header Files\Input</Filter>
    </ClInclude>
    <ClInclude Include="..\..\Controls\ColorButton.hpp">
      <Filter>Header Files\Controls</Filter>
    </ClInclude>
    <ClInclude Include="..\..\Controls\ComboList.h">
      <Filter>Header Files\Controls</Filter>
    </ClInclude>
    <ClInclude Include="..\..\Drawing\Direct3D9\Direct3D9GeometryBuffer.hpp">
      <Filter>Header Files\Drawing\Direct3D9</Filter>
    </ClInclude>
    <ClInclude Include="..\..\Drawing\Direct3D9\Direct3D9Renderer.hpp">
      <Filter>Header Files\Drawing\Direct3D9</Filter>
    </ClInclude>
    <ClInclude Include="..\..\Drawing\Direct3D9\Direct3D9RenderTarget.hpp">
      <Filter>Header Files\Drawing\Direct3D9</Filter>
    </ClInclude>
    <ClInclude Include="..\..\Drawing\Direct3D9\Direct3D9Texture.hpp">
      <Filter>Header Files\Drawing\Direct3D9</Filter>
    </ClInclude>
    <ClInclude Include="..\..\Drawing\Direct3D9\Direct3D9TextureTarget.hpp">
      <Filter>Header Files\Drawing\Direct3D9</Filter>
    </ClInclude>
    <ClInclude Include="..\..\Drawing\Direct3D9\Direct3D9ViewportTarget.hpp">
      <Filter>Header Files\Drawing\Direct3D9</Filter>
    </ClInclude>
    <ClInclude Include="..\..\Drawing\Direct3D9Ex\Direct3D9ExRenderer.hpp">
      <Filter>Source Files\Drawing\Direct3D9Ex</Filter>
    </ClInclude>
    <ClInclude Include="..\..\Drawing\Direct3D9Ex\Direct3D9ExTexture.hpp">
      <Filter>Source Files\Drawing\Direct3D9Ex</Filter>
    </ClInclude>
  </ItemGroup>
</Project>