<?xml version="1.0" encoding="utf-8"?>
<Project ToolsVersion="4.0" xmlns="http://schemas.microsoft.com/developer/msbuild/2003">
  <ItemGroup>
    <Filter Include="Quelldateien">
      <UniqueIdentifier>{4FC737F1-C7A5-4376-A066-2A32D752A2FF}</UniqueIdentifier>
      <Extensions>cpp;c;cc;cxx;def;odl;idl;hpj;bat;asm;asmx</Extensions>
    </Filter>
    <Filter Include="Headerdateien">
      <UniqueIdentifier>{93995380-89BD-4b04-88EB-625FBE52EBFB}</UniqueIdentifier>
      <Extensions>h;hpp;hxx;hm;inl;inc;xsd</Extensions>
    </Filter>
    <Filter Include="Quelldateien\FT_MODULES">
      <UniqueIdentifier>{36ad81ba-7d8d-488e-81cc-1a1c625f8f21}</UniqueIdentifier>
    </Filter>
  </ItemGroup>
  <ItemGroup>
    <ClCompile Include="src\base\ftstroke.c">
      <Filter>Quelldateien</Filter>
    </ClCompile>
    <ClCompile Include="src\base\ftsystem.c">
      <Filter>Quelldateien</Filter>
    </ClCompile>
    <ClCompile Include="src\base\ftbase.c">
      <Filter>Quelldateien</Filter>
    </ClCompile>
    <ClCompile Include="src\base\ftbitmap.c">
      <Filter>Quelldateien</Filter>
    </ClCompile>
    <ClCompile Include="src\base\ftdebug.c">
      <Filter>Quelldateien</Filter>
    </ClCompile>
    <ClCompile Include="src\base\ftfstype.c">
      <Filter>Quelldateien</Filter>
    </ClCompile>
    <ClCompile Include="src\base\ftgasp.c">
      <Filter>Quelldateien</Filter>
    </ClCompile>
    <ClCompile Include="src\base\ftglyph.c">
      <Filter>Quelldateien</Filter>
    </ClCompile>
    <ClCompile Include="src\base\ftinit.c">
      <Filter>Quelldateien</Filter>
    </ClCompile>
    <ClCompile Include="src\autofit\autofit.c">
      <Filter>Quelldateien</Filter>
    </ClCompile>
    <ClCompile Include="src\bdf\bdf.c">
      <Filter>Quelldateien</Filter>
    </ClCompile>
    <ClCompile Include="src\cff\cff.c">
      <Filter>Quelldateien</Filter>
    </ClCompile>
    <ClCompile Include="src\smooth\smooth.c">
      <Filter>Quelldateien</Filter>
    </ClCompile>
    <ClCompile Include="src\cache\ftcache.c">
      <Filter>Quelldateien</Filter>
    </ClCompile>
    <ClCompile Include="src\gzip\ftgzip.c">
      <Filter>Quelldateien</Filter>
    </ClCompile>
    <ClCompile Include="src\lzw\ftlzw.c">
      <Filter>Quelldateien</Filter>
    </ClCompile>
    <ClCompile Include="src\type1\type1.c">
      <Filter>Quelldateien\FT_MODULES</Filter>
    </ClCompile>
    <ClCompile Include="src\cid\type1cid.c">
      <Filter>Quelldateien\FT_MODULES</Filter>
    </ClCompile>
    <ClCompile Include="src\type42\type42.c">
      <Filter>Quelldateien\FT_MODULES</Filter>
    </ClCompile>
    <ClCompile Include="src\winfonts\winfnt.c">
      <Filter>Quelldateien\FT_MODULES</Filter>
    </ClCompile>
    <ClCompile Include="src\base\ftbbox.c">
      <Filter>Quelldateien\FT_MODULES</Filter>
    </ClCompile>
    <ClCompile Include="src\base\ftgxval.c">
      <Filter>Quelldateien\FT_MODULES</Filter>
    </ClCompile>
    <ClCompile Include="src\base\ftlcdfil.c">
      <Filter>Quelldateien\FT_MODULES</Filter>
    </ClCompile>
    <ClCompile Include="src\base\ftmm.c">
      <Filter>Quelldateien\FT_MODULES</Filter>
    </ClCompile>
    <ClCompile Include="src\base\ftotval.c">
      <Filter>Quelldateien\FT_MODULES</Filter>
    </ClCompile>
    <ClCompile Include="src\base\ftpatent.c">
      <Filter>Quelldateien\FT_MODULES</Filter>
    </ClCompile>
    <ClCompile Include="src\base\ftpfr.c">
      <Filter>Quelldateien\FT_MODULES</Filter>
    </ClCompile>
    <ClCompile Include="src\base\ftsynth.c">
      <Filter>Quelldateien\FT_MODULES</Filter>
    </ClCompile>
    <ClCompile Include="src\base\fttype1.c">
      <Filter>Quelldateien\FT_MODULES</Filter>
    </ClCompile>
    <ClCompile Include="src\base\ftwinfnt.c">
      <Filter>Quelldateien\FT_MODULES</Filter>
    </ClCompile>
    <ClCompile Include="src\base\ftxf86.c">
      <Filter>Quelldateien\FT_MODULES</Filter>
    </ClCompile>
    <ClCompile Include="src\pcf\pcf.c">
      <Filter>Quelldateien\FT_MODULES</Filter>
    </ClCompile>
    <ClCompile Include="src\pfr\pfr.c">
      <Filter>Quelldateien\FT_MODULES</Filter>
    </ClCompile>
    <ClCompile Include="src\psaux\psaux.c">
      <Filter>Quelldateien\FT_MODULES</Filter>
    </ClCompile>
    <ClCompile Include="src\pshinter\pshinter.c">
      <Filter>Quelldateien\FT_MODULES</Filter>
    </ClCompile>
    <ClCompile Include="src\psnames\psmodule.c">
      <Filter>Quelldateien\FT_MODULES</Filter>
    </ClCompile>
    <ClCompile Include="src\raster\raster.c">
      <Filter>Quelldateien\FT_MODULES</Filter>
    </ClCompile>
    <ClCompile Include="src\sfnt\sfnt.c">
      <Filter>Quelldateien\FT_MODULES</Filter>
    </ClCompile>
    <ClCompile Include="src\truetype\truetype.c">
      <Filter>Quelldateien\FT_MODULES</Filter>
    </ClCompile>
  </ItemGroup>
</Project>