<?xml version="1.0" encoding="utf-8"?>
<Project ToolsVersion="4.0" xmlns="http://schemas.microsoft.com/developer/msbuild/2003">
  <ItemGroup>
    <Filter Include="Quelldateien">
      <UniqueIdentifier>{4FC737F1-C7A5-4376-A066-2A32D752A2FF}</UniqueIdentifier>
      <Extensions>cpp;c;cc;cxx;def;odl;idl;hpj;bat;asm;asmx</Extensions>
    </Filter>
    <Filter Include="Headerdateien">
      <UniqueIdentifier>{93995380-89BD-4b04-88EB-625FBE52EBFB}</UniqueIdentifier>
      <Extensions>h;hh;hpp;hxx;hm;inl;inc;xsd</Extensions>
    </Filter>
    <Filter Include="Quelldateien\LibJPEG">
      <UniqueIdentifier>{0220c72d-327d-4f0e-9208-4b19aa75bf00}</UniqueIdentifier>
    </Filter>
    <Filter Include="Quelldateien\LibPNG">
      <UniqueIdentifier>{9b786d09-9127-4a78-a250-cd5df92ab9a2}</UniqueIdentifier>
    </Filter>
    <Filter Include="Quelldateien\ZLib">
      <UniqueIdentifier>{06668654-b0fe-4021-96ec-f73dcc4d27ea}</UniqueIdentifier>
    </Filter>
  </ItemGroup>
  <ItemGroup>
    <ClCompile Include="LibJPEG\jerror.c">
      <Filter>Quelldateien\LibJPEG</Filter>
    </ClCompile>
    <ClCompile Include="LibJPEG\jaricom.c">
      <Filter>Quelldateien\LibJPEG</Filter>
    </ClCompile>
    <ClCompile Include="LibJPEG\jcarith.c">
      <Filter>Quelldateien\LibJPEG</Filter>
    </ClCompile>
    <ClCompile Include="LibJPEG\jccoefct.c">
      <Filter>Quelldateien\LibJPEG</Filter>
    </ClCompile>
    <ClCompile Include="LibJPEG\jccolor.c">
      <Filter>Quelldateien\LibJPEG</Filter>
    </ClCompile>
    <ClCompile Include="LibJPEG\jcdctmgr.c">
      <Filter>Quelldateien\LibJPEG</Filter>
    </ClCompile>
    <ClCompile Include="LibJPEG\jchuff.c">
      <Filter>Quelldateien\LibJPEG</Filter>
    </ClCompile>
    <ClCompile Include="LibJPEG\jcinit.c">
      <Filter>Quelldateien\LibJPEG</Filter>
    </ClCompile>
    <ClCompile Include="LibJPEG\jcmainct.c">
      <Filter>Quelldateien\LibJPEG</Filter>
    </ClCompile>
    <ClCompile Include="LibJPEG\jcmarker.c">
      <Filter>Quelldateien\LibJPEG</Filter>
    </ClCompile>
    <ClCompile Include="LibJPEG\jcmaster.c">
      <Filter>Quelldateien\LibJPEG</Filter>
    </ClCompile>
    <ClCompile Include="LibJPEG\jcomapi.c">
      <Filter>Quelldateien\LibJPEG</Filter>
    </ClCompile>
    <ClCompile Include="LibJPEG\jcprepct.c">
      <Filter>Quelldateien\LibJPEG</Filter>
    </ClCompile>
    <ClCompile Include="LibJPEG\jcsample.c">
      <Filter>Quelldateien\LibJPEG</Filter>
    </ClCompile>
    <ClCompile Include="LibJPEG\jdapimin.c">
      <Filter>Quelldateien\LibJPEG</Filter>
    </ClCompile>
    <ClCompile Include="LibJPEG\jdapistd.c">
      <Filter>Quelldateien\LibJPEG</Filter>
    </ClCompile>
    <ClCompile Include="LibJPEG\jdarith.c">
      <Filter>Quelldateien\LibJPEG</Filter>
    </ClCompile>
    <ClCompile Include="LibJPEG\jdcoefct.c">
      <Filter>Quelldateien\LibJPEG</Filter>
    </ClCompile>
    <ClCompile Include="LibJPEG\jdcolor.c">
      <Filter>Quelldateien\LibJPEG</Filter>
    </ClCompile>
    <ClCompile Include="LibJPEG\jddctmgr.c">
      <Filter>Quelldateien\LibJPEG</Filter>
    </ClCompile>
    <ClCompile Include="LibJPEG\jdhuff.c">
      <Filter>Quelldateien\LibJPEG</Filter>
    </ClCompile>
    <ClCompile Include="LibJPEG\jdinput.c">
      <Filter>Quelldateien\LibJPEG</Filter>
    </ClCompile>
    <ClCompile Include="LibJPEG\jdmainct.c">
      <Filter>Quelldateien\LibJPEG</Filter>
    </ClCompile>
    <ClCompile Include="LibJPEG\jdmarker.c">
      <Filter>Quelldateien\LibJPEG</Filter>
    </ClCompile>
    <ClCompile Include="LibJPEG\jdmaster.c">
      <Filter>Quelldateien\LibJPEG</Filter>
    </ClCompile>
    <ClCompile Include="LibJPEG\jdmerge.c">
      <Filter>Quelldateien\LibJPEG</Filter>
    </ClCompile>
    <ClCompile Include="LibJPEG\jdpostct.c">
      <Filter>Quelldateien\LibJPEG</Filter>
    </ClCompile>
    <ClCompile Include="LibJPEG\jdsample.c">
      <Filter>Quelldateien\LibJPEG</Filter>
    </ClCompile>
    <ClCompile Include="LibJPEG\jfdctflt.c">
      <Filter>Quelldateien\LibJPEG</Filter>
    </ClCompile>
    <ClCompile Include="LibJPEG\jfdctfst.c">
      <Filter>Quelldateien\LibJPEG</Filter>
    </ClCompile>
    <ClCompile Include="LibJPEG\jfdctint.c">
      <Filter>Quelldateien\LibJPEG</Filter>
    </ClCompile>
    <ClCompile Include="LibJPEG\jidctflt.c">
      <Filter>Quelldateien\LibJPEG</Filter>
    </ClCompile>
    <ClCompile Include="LibJPEG\jidctfst.c">
      <Filter>Quelldateien\LibJPEG</Filter>
    </ClCompile>
    <ClCompile Include="LibJPEG\jidctint.c">
      <Filter>Quelldateien\LibJPEG</Filter>
    </ClCompile>
    <ClCompile Include="LibJPEG\jmemmgr.c">
      <Filter>Quelldateien\LibJPEG</Filter>
    </ClCompile>
    <ClCompile Include="LibJPEG\jmemnobs.c">
      <Filter>Quelldateien\LibJPEG</Filter>
    </ClCompile>
    <ClCompile Include="LibJPEG\jquant1.c">
      <Filter>Quelldateien\LibJPEG</Filter>
    </ClCompile>
    <ClCompile Include="LibJPEG\jquant2.c">
      <Filter>Quelldateien\LibJPEG</Filter>
    </ClCompile>
    <ClCompile Include="LibJPEG\jutils.c">
      <Filter>Quelldateien\LibJPEG</Filter>
    </ClCompile>
    <ClCompile Include="LibPNG\png.c">
      <Filter>Quelldateien\LibPNG</Filter>
    </ClCompile>
    <ClCompile Include="LibPNG\pngerror.c">
      <Filter>Quelldateien\LibPNG</Filter>
    </ClCompile>
    <ClCompile Include="LibPNG\pngget.c">
      <Filter>Quelldateien\LibPNG</Filter>
    </ClCompile>
    <ClCompile Include="LibPNG\pngmem.c">
      <Filter>Quelldateien\LibPNG</Filter>
    </ClCompile>
    <ClCompile Include="LibPNG\pngread.c">
      <Filter>Quelldateien\LibPNG</Filter>
    </ClCompile>
    <ClCompile Include="LibPNG\pngrio.c">
      <Filter>Quelldateien\LibPNG</Filter>
    </ClCompile>
    <ClCompile Include="LibPNG\pngrtran.c">
      <Filter>Quelldateien\LibPNG</Filter>
    </ClCompile>
    <ClCompile Include="LibPNG\pngrutil.c">
      <Filter>Quelldateien\LibPNG</Filter>
    </ClCompile>
    <ClCompile Include="LibPNG\pngset.c">
      <Filter>Quelldateien\LibPNG</Filter>
    </ClCompile>
    <ClCompile Include="LibPNG\pngtrans.c">
      <Filter>Quelldateien\LibPNG</Filter>
    </ClCompile>
    <ClCompile Include="ZLib\gzclose.c">
      <Filter>Quelldateien\ZLib</Filter>
    </ClCompile>
    <ClCompile Include="ZLib\adler32.c">
      <Filter>Quelldateien\ZLib</Filter>
    </ClCompile>
    <ClCompile Include="ZLib\compress.c">
      <Filter>Quelldateien\ZLib</Filter>
    </ClCompile>
    <ClCompile Include="ZLib\crc32.c">
      <Filter>Quelldateien\ZLib</Filter>
    </ClCompile>
    <ClCompile Include="ZLib\deflate.c">
      <Filter>Quelldateien\ZLib</Filter>
    </ClCompile>
    <ClCompile Include="ZLib\gzlib.c">
      <Filter>Quelldateien\ZLib</Filter>
    </ClCompile>
    <ClCompile Include="ZLib\gzread.c">
      <Filter>Quelldateien\ZLib</Filter>
    </ClCompile>
    <ClCompile Include="ZLib\infback.c">
      <Filter>Quelldateien\ZLib</Filter>
    </ClCompile>
    <ClCompile Include="ZLib\inffast.c">
      <Filter>Quelldateien\ZLib</Filter>
    </ClCompile>
    <ClCompile Include="ZLib\inflate.c">
      <Filter>Quelldateien\ZLib</Filter>
    </ClCompile>
    <ClCompile Include="ZLib\inftrees.c">
      <Filter>Quelldateien\ZLib</Filter>
    </ClCompile>
    <ClCompile Include="ZLib\trees.c">
      <Filter>Quelldateien\ZLib</Filter>
    </ClCompile>
    <ClCompile Include="ZLib\uncompr.c">
      <Filter>Quelldateien\ZLib</Filter>
    </ClCompile>
    <ClCompile Include="ZLib\zutil.c">
      <Filter>Quelldateien\ZLib</Filter>
    </ClCompile>
    <ClCompile Include="Stream.cpp">
      <Filter>Quelldateien</Filter>
    </ClCompile>
    <ClCompile Include="PluginPNG.cpp">
      <Filter>Quelldateien</Filter>
    </ClCompile>
    <ClCompile Include="PluginBMP.cpp">
      <Filter>Quelldateien</Filter>
    </ClCompile>
    <ClCompile Include="ImageLoader.cpp">
      <Filter>Quelldateien</Filter>
    </ClCompile>
    <ClCompile Include="ImageData.cpp">
      <Filter>Quelldateien</Filter>
    </ClCompile>
    <ClCompile Include="Flip.cpp">
      <Filter>Quelldateien</Filter>
    </ClCompile>
    <ClCompile Include="Convert.cpp">
      <Filter>Quelldateien</Filter>
    </ClCompile>
    <ClCompile Include="PluginJPEG.cpp">
      <Filter>Quelldateien</Filter>
    </ClCompile>
  </ItemGroup>
  <ItemGroup>
    <ClInclude Include="Stream.hpp">
      <Filter>Headerdateien</Filter>
    </ClInclude>
    <ClInclude Include="PluginPNG.hpp">
      <Filter>Headerdateien</Filter>
    </ClInclude>
    <ClInclude Include="PluginJPEG.hpp">
      <Filter>Headerdateien</Filter>
    </ClInclude>
    <ClInclude Include="Plugin.hpp">
      <Filter>Headerdateien</Filter>
    </ClInclude>
    <ClInclude Include="Flip.hpp">
      <Filter>Headerdateien</Filter>
    </ClInclude>
    <ClInclude Include="Convert.hpp">
      <Filter>Headerdateien</Filter>
    </ClInclude>
    <ClInclude Include="Common.hpp">
      <Filter>Headerdateien</Filter>
    </ClInclude>
    <ClInclude Include="PluginBMP.hpp">
      <Filter>Headerdateien</Filter>
    </ClInclude>
    <ClInclude Include="SimpleImageLoader.hpp">
      <Filter>Headerdateien</Filter>
    </ClInclude>
  </ItemGroup>
</Project>