
Microsoft Visual Studio Solution File, Format Version 12.00
# Visual Studio 14
VisualStudioVersion = 14.0.23107.0
MinimumVisualStudioVersion = 10.0.40219.1
Project("{8BC9CEB8-8B4A-11D0-8D11-00A0C91BC942}") = "D3DX11Effects", "D3DX11Effects\D3DX11Effects.2017.vcxproj", "{BCB43C55-4366-4357-8A30-BA667564063C}"
EndProject
Project("{8BC9CEB8-8B4A-11D0-8D11-00A0C91BC942}") = "FreeType", "FreeType\FreeType.2017.vcxproj", "{2BDBACF9-9942-4157-8762-B4A024071848}"
EndProject
Project("{8BC9CEB8-8B4A-11D0-8D11-00A0C91BC942}") = "JsonCpp", "JsonCpp\JsonCpp.2017.vcxproj", "{414251B2-E3BE-411F-A90B-7C2CD64E3D01}"
EndProject
Project("{8BC9CEB8-8B4A-11D0-8D11-00A0C91BC942}") = "SimpleImageLoader", "SimpleImageLoader\SimpleImageLoader.2017.vcxproj", "{D8FFBB21-1CB1-4C27-BE8C-F7D8C211DE90}"
EndProject
Project("{8BC9CEB8-8B4A-11D0-8D11-00A0C91BC942}") = "GLM", "GLM\glm.2017.vcxproj", "{BF940E3F-137F-403B-B3D2-0D257BBAC2C1}"
EndProject
Project("{8BC9CEB8-8B4A-11D0-8D11-00A0C91BC942}") = "GLEW", "GLEW\GLEW.2017.vcxproj", "{E3C61D35-5E2E-4BA8-BE2B-8256D2E3CA9C}"
EndProject
Global
	GlobalSection(SolutionConfigurationPlatforms) = preSolution
		Debug|Win32 = Debug|Win32
		Debug|x64 = Debug|x64
		Release|Win32 = Release|Win32
		Release|x64 = Release|x64
	EndGlobalSection
	GlobalSection(ProjectConfigurationPlatforms) = postSolution
		{BCB43C55-4366-4357-8A30-BA667564063C}.Debug|Win32.ActiveCfg = Debug|Win32
		{BCB43C55-4366-4357-8A30-BA667564063C}.Debug|Win32.Build.0 = Debug|Win32
		{BCB43C55-4366-4357-8A30-BA667564063C}.Debug|x64.ActiveCfg = Debug|x64
		{BCB43C55-4366-4357-8A30-BA667564063C}.Debug|x64.Build.0 = Debug|x64
		{BCB43C55-4366-4357-8A30-BA667564063C}.Release|Win32.ActiveCfg = Release|Win32
		{BCB43C55-4366-4357-8A30-BA667564063C}.Release|Win32.Build.0 = Release|Win32
		{BCB43C55-4366-4357-8A30-BA667564063C}.Release|x64.ActiveCfg = Release|x64
		{BCB43C55-4366-4357-8A30-BA667564063C}.Release|x64.Build.0 = Release|x64
		{2BDBACF9-9942-4157-8762-B4A024071848}.Debug|Win32.ActiveCfg = Debug|Win32
		{2BDBACF9-9942-4157-8762-B4A024071848}.Debug|Win32.Build.0 = Debug|Win32
		{2BDBACF9-9942-4157-8762-B4A024071848}.Debug|x64.ActiveCfg = Debug|x64
		{2BDBACF9-9942-4157-8762-B4A024071848}.Debug|x64.Build.0 = Debug|x64
		{2BDBACF9-9942-4157-8762-B4A024071848}.Release|Win32.ActiveCfg = Release|Win32
		{2BDBACF9-9942-4157-8762-B4A024071848}.Release|Win32.Build.0 = Release|Win32
		{2BDBACF9-9942-4157-8762-B4A024071848}.Release|x64.ActiveCfg = Release|x64
		{2BDBACF9-9942-4157-8762-B4A024071848}.Release|x64.Build.0 = Release|x64
		{414251B2-E3BE-411F-A90B-7C2CD64E3D01}.Debug|Win32.ActiveCfg = Debug|Win32
		{414251B2-E3BE-411F-A90B-7C2CD64E3D01}.Debug|Win32.Build.0 = Debug|Win32
		{414251B2-E3BE-411F-A90B-7C2CD64E3D01}.Debug|x64.ActiveCfg = Debug|x64
		{414251B2-E3BE-411F-A90B-7C2CD64E3D01}.Debug|x64.Build.0 = Debug|x64
		{414251B2-E3BE-411F-A90B-7C2CD64E3D01}.Release|Win32.ActiveCfg = Release|Win32
		{414251B2-E3BE-411F-A90B-7C2CD64E3D01}.Release|Win32.Build.0 = Release|Win32
		{414251B2-E3BE-411F-A90B-7C2CD64E3D01}.Release|x64.ActiveCfg = Release|x64
		{414251B2-E3BE-411F-A90B-7C2CD64E3D01}.Release|x64.Build.0 = Release|x64
		{D8FFBB21-1CB1-4C27-BE8C-F7D8C211DE90}.Debug|Win32.ActiveCfg = Debug|Win32
		{D8FFBB21-1CB1-4C27-BE8C-F7D8C211DE90}.Debug|Win32.Build.0 = Debug|Win32
		{D8FFBB21-1CB1-4C27-BE8C-F7D8C211DE90}.Debug|x64.ActiveCfg = Debug|x64
		{D8FFBB21-1CB1-4C27-BE8C-F7D8C211DE90}.Debug|x64.Build.0 = Debug|x64
		{D8FFBB21-1CB1-4C27-BE8C-F7D8C211DE90}.Release|Win32.ActiveCfg = Release|Win32
		{D8FFBB21-1CB1-4C27-BE8C-F7D8C211DE90}.Release|Win32.Build.0 = Release|Win32
		{D8FFBB21-1CB1-4C27-BE8C-F7D8C211DE90}.Release|x64.ActiveCfg = Release|x64
		{D8FFBB21-1CB1-4C27-BE8C-F7D8C211DE90}.Release|x64.Build.0 = Release|x64
		{BF940E3F-137F-403B-B3D2-0D257BBAC2C1}.Debug|Win32.ActiveCfg = Debug|Win32
		{BF940E3F-137F-403B-B3D2-0D257BBAC2C1}.Debug|Win32.Build.0 = Debug|Win32
		{BF940E3F-137F-403B-B3D2-0D257BBAC2C1}.Debug|x64.ActiveCfg = Debug|x64
		{BF940E3F-137F-403B-B3D2-0D257BBAC2C1}.Debug|x64.Build.0 = Debug|x64
		{BF940E3F-137F-403B-B3D2-0D257BBAC2C1}.Release|Win32.ActiveCfg = Release|Win32
		{BF940E3F-137F-403B-B3D2-0D257BBAC2C1}.Release|Win32.Build.0 = Release|Win32
		{BF940E3F-137F-403B-B3D2-0D257BBAC2C1}.Release|x64.ActiveCfg = Release|x64
		{BF940E3F-137F-403B-B3D2-0D257BBAC2C1}.Release|x64.Build.0 = Release|x64
		{E3C61D35-5E2E-4BA8-BE2B-8256D2E3CA9C}.Debug|Win32.ActiveCfg = Debug|Win32
		{E3C61D35-5E2E-4BA8-BE2B-8256D2E3CA9C}.Debug|Win32.Build.0 = Debug|Win32
		{E3C61D35-5E2E-4BA8-BE2B-8256D2E3CA9C}.Debug|x64.ActiveCfg = Debug|x64
		{E3C61D35-5E2E-4BA8-BE2B-8256D2E3CA9C}.Debug|x64.Build.0 = Debug|x64
		{E3C61D35-5E2E-4BA8-BE2B-8256D2E3CA9C}.Release|Win32.ActiveCfg = Release|Win32
		{E3C61D35-5E2E-4BA8-BE2B-8256D2E3CA9C}.Release|Win32.Build.0 = Release|Win32
		{E3C61D35-5E2E-4BA8-BE2B-8256D2E3CA9C}.Release|x64.ActiveCfg = Release|x64
		{E3C61D35-5E2E-4BA8-BE2B-8256D2E3CA9C}.Release|x64.Build.0 = Release|x64
	EndGlobalSection
	GlobalSection(SolutionProperties) = preSolution
		HideSolutionNode = FALSE
	EndGlobalSection
EndGlobal
